PODS:
  - BoringSSL-GRPC (0.0.3):
    - BoringSSL-GRPC/Implementation (= 0.0.3)
    - BoringSSL-GRPC/Interface (= 0.0.3)
  - BoringSSL-GRPC/Implementation (0.0.3):
    - BoringSSL-GRPC/Interface (= 0.0.3)
  - BoringSSL-GRPC/Interface (0.0.3)
  - Firebase/Auth (4.13.0):
    - Firebase/Core
    - FirebaseAuth (= 4.6.1)
  - Firebase/Core (4.13.0):
    - FirebaseAnalytics (= 4.2.0)
    - FirebaseCore (= 4.0.20)
  - Firebase/Database (4.13.0):
    - Firebase/Core
    - FirebaseDatabase (= 4.1.5)
  - Firebase/Firestore (4.13.0):
    - Firebase/Core
    - FirebaseFirestore (= 0.11.0)
  - Firebase/Storage (4.13.0):
    - Firebase/Core
    - FirebaseStorage (= 2.2.0)
  - FirebaseAnalytics (4.2.0):
    - FirebaseCore (~> 4.0)
    - FirebaseInstanceID (~> 2.0)
    - "GoogleToolboxForMac/NSData+zlib (~> 2.1)"
    - nanopb (~> 0.3)
  - FirebaseAuth (4.6.1):
    - FirebaseAnalytics (~> 4.2)
    - "GoogleToolboxForMac/NSDictionary+URLArguments (~> 2.1)"
    - GTMSessionFetcher/Core (~> 1.1)
  - FirebaseCore (4.0.20):
    - "GoogleToolboxForMac/NSData+zlib (~> 2.1)"
  - FirebaseDatabase (4.1.5):
    - FirebaseAnalytics (~> 4.1)
    - FirebaseCore (~> 4.0)
    - leveldb-library (~> 1.18)
  - FirebaseFirestore (0.11.0):
    - FirebaseAnalytics (~> 4.1)
    - FirebaseCore (~> 4.0)
    - gRPC-ProtoRPC (~> 1.0)
    - leveldb-library (~> 1.18)
    - Protobuf (~> 3.5)
  - FirebaseInstanceID (2.0.10):
    - FirebaseCore (~> 4.0)
  - FirebaseStorage (2.2.0):
    - FirebaseAnalytics (~> 4.1)
    - FirebaseCore (~> 4.0)
    - GTMSessionFetcher/Core (~> 1.1)
  - GoogleToolboxForMac/DebugUtils (2.2.0):
    - GoogleToolboxForMac/Defines (= 2.2.0)
  - GoogleToolboxForMac/Defines (2.2.0)
  - "GoogleToolboxForMac/NSData+zlib (2.2.0)":
    - GoogleToolboxForMac/Defines (= 2.2.0)
  - "GoogleToolboxForMac/NSDictionary+URLArguments (2.2.0)":
    - GoogleToolboxForMac/DebugUtils (= 2.2.0)
    - GoogleToolboxForMac/Defines (= 2.2.0)
    - "GoogleToolboxForMac/NSString+URLArguments (= 2.2.0)"
  - "GoogleToolboxForMac/NSString+URLArguments (2.2.0)"
  - gRPC (1.20.0):
    - gRPC-RxLibrary (= 1.20.0)
    - gRPC/Main (= 1.20.0)
  - gRPC-Core (1.20.0):
    - gRPC-Core/Implementation (= 1.20.0)
    - gRPC-Core/Interface (= 1.20.0)
  - gRPC-Core/Implementation (1.20.0):
    - BoringSSL-GRPC (= 0.0.3)
    - gRPC-Core/Interface (= 1.20.0)
    - nanopb (~> 0.3)
  - gRPC-Core/Interface (1.20.0)
  - gRPC-ProtoRPC (1.20.0):
    - gRPC-ProtoRPC/Main (= 1.20.0)
  - gRPC-ProtoRPC/Main (1.20.0):
    - gRPC (= 1.20.0)
    - gRPC-RxLibrary (= 1.20.0)
    - Protobuf (~> 3.0)
  - gRPC-RxLibrary (1.20.0)
  - gRPC/Main (1.20.0):
    - gRPC-Core (= 1.20.0)
    - gRPC-RxLibrary (= 1.20.0)
  - GTMSessionFetcher/Core (1.2.1)
  - Kingfisher (4.10.1)
  - leveldb-library (1.20)
  - nanopb (0.3.901):
    - nanopb/decode (= 0.3.901)
    - nanopb/encode (= 0.3.901)
  - nanopb/decode (0.3.901)
  - nanopb/encode (0.3.901)
  - Protobuf (3.7.0)
  - SRAttractionsMap (1.0.3)

DEPENDENCIES:
  - Firebase/Auth
  - Firebase/Core
  - Firebase/Database
  - Firebase/Firestore
  - Firebase/Storage (~> 4.0)
  - Kingfisher (~> 4.0)
  - SRAttractionsMap

SPEC REPOS:
  https://github.com/cocoapods/specs.git:
    - BoringSSL-GRPC
    - Firebase
    - FirebaseAnalytics
    - FirebaseAuth
    - FirebaseCore
    - FirebaseDatabase
    - FirebaseFirestore
    - FirebaseInstanceID
    - FirebaseStorage
    - GoogleToolboxForMac
    - gRPC
    - gRPC-Core
    - gRPC-ProtoRPC
    - gRPC-RxLibrary
    - GTMSessionFetcher
    - Kingfisher
    - leveldb-library
    - nanopb
    - Protobuf
    - SRAttractionsMap

SPEC CHECKSUMS:
  BoringSSL-GRPC: db8764df3204ccea016e1c8dd15d9a9ad63ff318
  Firebase: 5ec5e863d269d82d66b4bf56856726f8fb8f0fb3
  FirebaseAnalytics: 7ef69e76a5142f643aeb47c780e1cdce4e23632e
  FirebaseAuth: bf22cacf22c60ab454bf2636f556d8892b10b53f
  FirebaseCore: 90cb1c53d69b556f112a1bf72b5fcfaad7650790
  FirebaseDatabase: 5f0bc6134c5c237cf55f9e1249d406770a75eafd
  FirebaseFirestore: e92a096ce80c7b4b905d4e9d41dbd944adc9d2a5
  FirebaseInstanceID: 8d20d890d65c917f9f7d9950b6e10a760ad34321
  FirebaseStorage: 0c223481c8f89ed300cf1239ddd2d9833622c65f
  GoogleToolboxForMac: ff31605b7d66400dcec09bed5861689aebadda4d
  gRPC: d175f32a1f0ff0eafc768e38e8c0b8a9fcbacc65
  gRPC-Core: b247504496d2bdf47e6a87690c0d48f8424b324a
  gRPC-ProtoRPC: d49c7074c6a5e5a9f18f9b5a1c6d94787334bcbe
  gRPC-RxLibrary: 3b5272bfdd136c3bc1383ffdfc210404b5d8400a
  GTMSessionFetcher: 32aeca0aa144acea523e1c8e053089dec2cb98ca
  Kingfisher: c148cd7b47ebde9989f6bc7c27dcaa79d81279a0
  leveldb-library: 08cba283675b7ed2d99629a4bc5fd052cd2bb6a5
  nanopb: 2901f78ea1b7b4015c860c2fdd1ea2fee1a18d48
  Protobuf: 7a877b7f3e5964e3fce995e2eb323dbc6831bb5a
  SRAttractionsMap: 1c3846451ac766f5333ee2b2306232ab17c137a5

PODFILE CHECKSUM: 2090ec350a8b4f7c198ae97592444d682a9a48a5

COCOAPODS: 1.5.3
