// !$*UTF8*$!
{
	archiveVersion = 1;
	classes = {
	};
	objectVersion = 50;
	objects = {

/* Begin PBXBuildFile section */
		3600649A21E12EFE005FD39C /* GoogleService-Info.plist in Resources */ = {isa = PBXBuildFile; fileRef = 3600649921E12EFE005FD39C /* GoogleService-Info.plist */; };
		3600649B21E12EFE005FD39C /* GoogleService-Info.plist in Resources */ = {isa = PBXBuildFile; fileRef = 3600649921E12EFE005FD39C /* GoogleService-Info.plist */; };
		3600649C21E12EFE005FD39C /* GoogleService-Info.plist in Resources */ = {isa = PBXBuildFile; fileRef = 3600649921E12EFE005FD39C /* GoogleService-Info.plist */; };
		3606421C22770AC700470637 /* ImageService.swift in Sources */ = {isa = PBXBuildFile; fileRef = 3606421B22770AC700470637 /* ImageService.swift */; };
		360642202277127000470637 /* UserProfile.swift in Sources */ = {isa = PBXBuildFile; fileRef = 3606421E2277127000470637 /* UserProfile.swift */; };
		360642212277127000470637 /* Post.swift in Sources */ = {isa = PBXBuildFile; fileRef = 3606421F2277127000470637 /* Post.swift */; };
		361B447E225662D9009AFC09 /* CreateQR.swift in Sources */ = {isa = PBXBuildFile; fileRef = 361B447D225662D9009AFC09 /* CreateQR.swift */; };
		361B44802257E7DE009AFC09 /* UserHomeTableViewCell.swift in Sources */ = {isa = PBXBuildFile; fileRef = 361B447F2257E7DE009AFC09 /* UserHomeTableViewCell.swift */; };
		3623BFF6224CB13900A57F58 /* StickHeroGameScene.swift in Sources */ = {isa = PBXBuildFile; fileRef = 3623BFF1224CB13800A57F58 /* StickHeroGameScene.swift */; };
		3623BFF8224CB13900A57F58 /* RunGameViewController.swift in Sources */ = {isa = PBXBuildFile; fileRef = 3623BFF3224CB13900A57F58 /* RunGameViewController.swift */; };
		3623BFF9224CB13900A57F58 /* Defined.swift in Sources */ = {isa = PBXBuildFile; fileRef = 3623BFF4224CB13900A57F58 /* Defined.swift */; };
		3623BFFA224CB13900A57F58 /* Tools.swift in Sources */ = {isa = PBXBuildFile; fileRef = 3623BFF5224CB13900A57F58 /* Tools.swift */; };
		3623C004224CB41800A57F58 /* fall.wav in Resources */ = {isa = PBXBuildFile; fileRef = 3623BFFC224CB41700A57F58 /* fall.wav */; };
		3623C005224CB41800A57F58 /* stick_grow_loop.wav in Resources */ = {isa = PBXBuildFile; fileRef = 3623BFFD224CB41700A57F58 /* stick_grow_loop.wav */; };
		3623C006224CB41800A57F58 /* dead.wav in Resources */ = {isa = PBXBuildFile; fileRef = 3623BFFE224CB41700A57F58 /* dead.wav */; };
		3623C007224CB41900A57F58 /* bg_country.mp3 in Resources */ = {isa = PBXBuildFile; fileRef = 3623BFFF224CB41700A57F58 /* bg_country.mp3 */; };
		3623C008224CB41900A57F58 /* touch_mid.wav in Resources */ = {isa = PBXBuildFile; fileRef = 3623C000224CB41800A57F58 /* touch_mid.wav */; };
		3623C009224CB41900A57F58 /* highScore.wav in Resources */ = {isa = PBXBuildFile; fileRef = 3623C001224CB41800A57F58 /* highScore.wav */; };
		3623C00A224CB41900A57F58 /* kick.wav in Resources */ = {isa = PBXBuildFile; fileRef = 3623C002224CB41800A57F58 /* kick.wav */; };
		3623C00B224CB41900A57F58 /* victory.wav in Resources */ = {isa = PBXBuildFile; fileRef = 3623C003224CB41800A57F58 /* victory.wav */; };
		362F2F3821F249BC00BCDE96 /* TabbarViewController.swift in Sources */ = {isa = PBXBuildFile; fileRef = 362F2F3721F249BC00BCDE96 /* TabbarViewController.swift */; };
		3644F337226F276F0038E123 /* Namegroup.swift in Sources */ = {isa = PBXBuildFile; fileRef = 3644F334226F276E0038E123 /* Namegroup.swift */; };
		3644F338226F276F0038E123 /* GroupsTableViewController.swift in Sources */ = {isa = PBXBuildFile; fileRef = 3644F335226F276F0038E123 /* GroupsTableViewController.swift */; };
		3644F339226F276F0038E123 /* GroupController.swift in Sources */ = {isa = PBXBuildFile; fileRef = 3644F336226F276F0038E123 /* GroupController.swift */; };
		3644F346226F285B0038E123 /* CoreDataStack.swift in Sources */ = {isa = PBXBuildFile; fileRef = 3644F33D226F285A0038E123 /* CoreDataStack.swift */; };
		3644F347226F285B0038E123 /* Member+Convenience.swift in Sources */ = {isa = PBXBuildFile; fileRef = 3644F33E226F285A0038E123 /* Member+Convenience.swift */; };
		3644F348226F285B0038E123 /* Member+CoreDataClass.swift in Sources */ = {isa = PBXBuildFile; fileRef = 3644F33F226F285A0038E123 /* Member+CoreDataClass.swift */; };
		3644F349226F285B0038E123 /* Group+CoreDataProperties.swift in Sources */ = {isa = PBXBuildFile; fileRef = 3644F340226F285A0038E123 /* Group+CoreDataProperties.swift */; };
		3644F34A226F285B0038E123 /* Group+Convenience.swift in Sources */ = {isa = PBXBuildFile; fileRef = 3644F341226F285A0038E123 /* Group+Convenience.swift */; };
		3644F34B226F285B0038E123 /* Group.xcdatamodeld in Sources */ = {isa = PBXBuildFile; fileRef = 3644F342226F285B0038E123 /* Group.xcdatamodeld */; };
		3644F34C226F285B0038E123 /* Member+CoreDataProperties.swift in Sources */ = {isa = PBXBuildFile; fileRef = 3644F344226F285B0038E123 /* Member+CoreDataProperties.swift */; };
		3644F34D226F285B0038E123 /* Group+CoreDataClass.swift in Sources */ = {isa = PBXBuildFile; fileRef = 3644F345226F285B0038E123 /* Group+CoreDataClass.swift */; };
		3644F3522270EDA80038E123 /* ViewcontrollerScore.swift in Sources */ = {isa = PBXBuildFile; fileRef = 3644F34F2270EDA80038E123 /* ViewcontrollerScore.swift */; };
		3644F3532270EDA80038E123 /* RankScoree.swift in Sources */ = {isa = PBXBuildFile; fileRef = 3644F3502270EDA80038E123 /* RankScoree.swift */; };
		3644F3542270EDA80038E123 /* TableViewCellScore.swift in Sources */ = {isa = PBXBuildFile; fileRef = 3644F3512270EDA80038E123 /* TableViewCellScore.swift */; };
		3644F357227587550038E123 /* TimerManager.swift in Sources */ = {isa = PBXBuildFile; fileRef = 3644F356227587550038E123 /* TimerManager.swift */; };
		36513C1E21E14256001652FF /* LoginViewController.swift in Sources */ = {isa = PBXBuildFile; fileRef = 36513C1D21E14256001652FF /* LoginViewController.swift */; };
		36513C2121E14274001652FF /* RegisterViewController.swift in Sources */ = {isa = PBXBuildFile; fileRef = 36513C1F21E14273001652FF /* RegisterViewController.swift */; };
		36513C2221E14274001652FF /* ResetpassView.swift in Sources */ = {isa = PBXBuildFile; fileRef = 36513C2021E14274001652FF /* ResetpassView.swift */; };
		36513C2421E1435E001652FF /* Const.swift in Sources */ = {isa = PBXBuildFile; fileRef = 36513C2321E1435E001652FF /* Const.swift */; };
		3669C57422363A56001A06B8 /* Scanqr.swift in Sources */ = {isa = PBXBuildFile; fileRef = 3669C57322363A56001A06B8 /* Scanqr.swift */; };
		3669C57A223657F7001A06B8 /* UserHomeViewController.swift in Sources */ = {isa = PBXBuildFile; fileRef = 3669C579223657F7001A06B8 /* UserHomeViewController.swift */; };
		3669C57D223658E1001A06B8 /* UserTabberViewController.swift in Sources */ = {isa = PBXBuildFile; fileRef = 3669C57C223658E1001A06B8 /* UserTabberViewController.swift */; };
		368385902212B09100E6A561 /* QuestionModel.swift in Sources */ = {isa = PBXBuildFile; fileRef = 3683858E2212B09000E6A561 /* QuestionModel.swift */; };
		368385912212B09100E6A561 /* ScoreModel.swift in Sources */ = {isa = PBXBuildFile; fileRef = 3683858F2212B09000E6A561 /* ScoreModel.swift */; };
		368385942212B0E000E6A561 /* QuestionGameViewController.swift in Sources */ = {isa = PBXBuildFile; fileRef = 368385932212B0E000E6A561 /* QuestionGameViewController.swift */; };
		368385982212B5DF00E6A561 /* ARHacheGameViewController.swift in Sources */ = {isa = PBXBuildFile; fileRef = 368385972212B5DF00E6A561 /* ARHacheGameViewController.swift */; };
		3683859A2212B63200E6A561 /* ARHacheGameHomeViewController.swift in Sources */ = {isa = PBXBuildFile; fileRef = 368385992212B63200E6A561 /* ARHacheGameHomeViewController.swift */; };
		3683859C2212B78000E6A561 /* Sounds in Resources */ = {isa = PBXBuildFile; fileRef = 3683859B2212B78000E6A561 /* Sounds */; };
		3683859E2212B7E500E6A561 /* art.scnassets in Resources */ = {isa = PBXBuildFile; fileRef = 3683859D2212B7E500E6A561 /* art.scnassets */; };
		368385A02212B93100E6A561 /* Particles in Resources */ = {isa = PBXBuildFile; fileRef = 3683859F2212B93100E6A561 /* Particles */; };
		368385A222132C9900E6A561 /* GameSettingViewController.swift in Sources */ = {isa = PBXBuildFile; fileRef = 368385A122132C9900E6A561 /* GameSettingViewController.swift */; };
		368385AA22132E4500E6A561 /* GameSettingCell.swift in Sources */ = {isa = PBXBuildFile; fileRef = 368385A922132E4500E6A561 /* GameSettingCell.swift */; };
		3691E37C222283E200B458A5 /* ChooseGameView.xib in Resources */ = {isa = PBXBuildFile; fileRef = 3691E37B222283E200B458A5 /* ChooseGameView.xib */; };
		3691E384222327D200B458A5 /* ChooseGameViewController.swift in Sources */ = {isa = PBXBuildFile; fileRef = 3691E383222327D200B458A5 /* ChooseGameViewController.swift */; };
		36990446227941160094F0BB /* Geotification.swift in Sources */ = {isa = PBXBuildFile; fileRef = 36990442227941160094F0BB /* Geotification.swift */; };
		36990447227941160094F0BB /* Utilities.swift in Sources */ = {isa = PBXBuildFile; fileRef = 36990443227941160094F0BB /* Utilities.swift */; };
		36990448227941160094F0BB /* GeofenceViewController.swift in Sources */ = {isa = PBXBuildFile; fileRef = 36990444227941160094F0BB /* GeofenceViewController.swift */; };
		36990449227941160094F0BB /* AddGeofenceViewController.swift in Sources */ = {isa = PBXBuildFile; fileRef = 36990445227941160094F0BB /* AddGeofenceViewController.swift */; };
		36A474A4224CB790003B2555 /* MathViewController.swift in Sources */ = {isa = PBXBuildFile; fileRef = 36A474A0224CB78F003B2555 /* MathViewController.swift */; };
		36A474A6224CB790003B2555 /* FIRData.swift in Sources */ = {isa = PBXBuildFile; fileRef = 36A474A2224CB790003B2555 /* FIRData.swift */; };
		36A474A7224CB790003B2555 /* OptionsViewController.swift in Sources */ = {isa = PBXBuildFile; fileRef = 36A474A3224CB790003B2555 /* OptionsViewController.swift */; };
		36A474AC224CC932003B2555 /* ChooseMapViewController.swift in Sources */ = {isa = PBXBuildFile; fileRef = 36A474AA224CC932003B2555 /* ChooseMapViewController.swift */; };
		36A474AD224CC932003B2555 /* LocationPickerController.swift in Sources */ = {isa = PBXBuildFile; fileRef = 36A474AB224CC932003B2555 /* LocationPickerController.swift */; };
		36C5E26A2255D53D00A70881 /* PicScrollingViewController.swift in Sources */ = {isa = PBXBuildFile; fileRef = 36C5E2692255D53D00A70881 /* PicScrollingViewController.swift */; };
		36C5E26C2255D54F00A70881 /* IMG_9125.JPG in Resources */ = {isa = PBXBuildFile; fileRef = 36C5E26B2255D54B00A70881 /* IMG_9125.JPG */; };
		36C5E2702255D58100A70881 /* Scrambled JpeggsUITests in Resources */ = {isa = PBXBuildFile; fileRef = 36C5E26D2255D57D00A70881 /* Scrambled JpeggsUITests */; };
		36C5E2722255D58100A70881 /* Scrambled JpeggsTests in Resources */ = {isa = PBXBuildFile; fileRef = 36C5E26F2255D58100A70881 /* Scrambled JpeggsTests */; };
		36C8027921E51A6E009F6877 /* Info.plist in Resources */ = {isa = PBXBuildFile; fileRef = 36F678E921DDEBAC0009977A /* Info.plist */; };
		36C8027A21E51A6F009F6877 /* Info.plist in Resources */ = {isa = PBXBuildFile; fileRef = 36F678E921DDEBAC0009977A /* Info.plist */; };
		36C8027C21E51CEF009F6877 /* CreateChanelViewController.swift in Sources */ = {isa = PBXBuildFile; fileRef = 36C8027B21E51CEF009F6877 /* CreateChanelViewController.swift */; };
		36C8027F21F0A6B2009F6877 /* SettingsChannelViewController.swift in Sources */ = {isa = PBXBuildFile; fileRef = 36C8027E21F0A6B2009F6877 /* SettingsChannelViewController.swift */; };
		36C8028221F0DFD3009F6877 /* AdminHomeViewController.swift in Sources */ = {isa = PBXBuildFile; fileRef = 36C8028121F0DFD3009F6877 /* AdminHomeViewController.swift */; };
		36C8028521F0E8BE009F6877 /* tbMemberCell.swift in Sources */ = {isa = PBXBuildFile; fileRef = 36C8028421F0E8BE009F6877 /* tbMemberCell.swift */; };
		36C8028721F1053A009F6877 /* User.swift in Sources */ = {isa = PBXBuildFile; fileRef = 36C8028621F1053A009F6877 /* User.swift */; };
		36E6840322219029001B0374 /* Assets.xcassets in Resources */ = {isa = PBXBuildFile; fileRef = 36E6840222219029001B0374 /* Assets.xcassets */; };
		36F678DB21DDEBAB0009977A /* AppDelegate.swift in Sources */ = {isa = PBXBuildFile; fileRef = 36F678DA21DDEBAB0009977A /* AppDelegate.swift */; };
		36F678DD21DDEBAB0009977A /* ViewController.swift in Sources */ = {isa = PBXBuildFile; fileRef = 36F678DC21DDEBAB0009977A /* ViewController.swift */; };
		36F678E021DDEBAB0009977A /* Main.storyboard in Resources */ = {isa = PBXBuildFile; fileRef = 36F678DE21DDEBAB0009977A /* Main.storyboard */; };
		36F678E321DDEBAB0009977A /* rally.xcdatamodeld in Sources */ = {isa = PBXBuildFile; fileRef = 36F678E121DDEBAB0009977A /* rally.xcdatamodeld */; };
		36F678E821DDEBAC0009977A /* LaunchScreen.storyboard in Resources */ = {isa = PBXBuildFile; fileRef = 36F678E621DDEBAC0009977A /* LaunchScreen.storyboard */; };
		36F678F321DDEBAD0009977A /* rallyTests.swift in Sources */ = {isa = PBXBuildFile; fileRef = 36F678F221DDEBAD0009977A /* rallyTests.swift */; };
		36F678FE21DDEBAD0009977A /* rallyUITests.swift in Sources */ = {isa = PBXBuildFile; fileRef = 36F678FD21DDEBAD0009977A /* rallyUITests.swift */; };
		36F6791021DDF9A80009977A /* DB ADMAN X BD.TTF in Resources */ = {isa = PBXBuildFile; fileRef = 36F6790C21DDF9A80009977A /* DB ADMAN X BD.TTF */; };
		36F6791121DDF9A80009977A /* DB ADMAN X BD.TTF in Resources */ = {isa = PBXBuildFile; fileRef = 36F6790C21DDF9A80009977A /* DB ADMAN X BD.TTF */; };
		36F6791221DDF9A80009977A /* DB ADMAN X BD.TTF in Resources */ = {isa = PBXBuildFile; fileRef = 36F6790C21DDF9A80009977A /* DB ADMAN X BD.TTF */; };
		36F6791321DDF9A80009977A /* DB ADMAN X ULTRALI.TTF in Resources */ = {isa = PBXBuildFile; fileRef = 36F6790D21DDF9A80009977A /* DB ADMAN X ULTRALI.TTF */; };
		36F6791421DDF9A80009977A /* DB ADMAN X ULTRALI.TTF in Resources */ = {isa = PBXBuildFile; fileRef = 36F6790D21DDF9A80009977A /* DB ADMAN X ULTRALI.TTF */; };
		36F6791521DDF9A80009977A /* DB ADMAN X ULTRALI.TTF in Resources */ = {isa = PBXBuildFile; fileRef = 36F6790D21DDF9A80009977A /* DB ADMAN X ULTRALI.TTF */; };
		36F6791621DDF9A80009977A /* DB ADMAN X.TTF in Resources */ = {isa = PBXBuildFile; fileRef = 36F6790E21DDF9A80009977A /* DB ADMAN X.TTF */; };
		36F6791721DDF9A80009977A /* DB ADMAN X.TTF in Resources */ = {isa = PBXBuildFile; fileRef = 36F6790E21DDF9A80009977A /* DB ADMAN X.TTF */; };
		36F6791821DDF9A80009977A /* DB ADMAN X.TTF in Resources */ = {isa = PBXBuildFile; fileRef = 36F6790E21DDF9A80009977A /* DB ADMAN X.TTF */; };
		36F6791921DDF9A80009977A /* DB ADMAN X LI.TTF in Resources */ = {isa = PBXBuildFile; fileRef = 36F6790F21DDF9A80009977A /* DB ADMAN X LI.TTF */; };
		36F6791A21DDF9A80009977A /* DB ADMAN X LI.TTF in Resources */ = {isa = PBXBuildFile; fileRef = 36F6790F21DDF9A80009977A /* DB ADMAN X LI.TTF */; };
		36F6791B21DDF9A80009977A /* DB ADMAN X LI.TTF in Resources */ = {isa = PBXBuildFile; fileRef = 36F6790F21DDF9A80009977A /* DB ADMAN X LI.TTF */; };
		36FF8CFC2275A5450069250C /* GameLocationViewController.swift in Sources */ = {isa = PBXBuildFile; fileRef = 36FF8CFB2275A5450069250C /* GameLocationViewController.swift */; };
		36FF8D002275A68C0069250C /* SRAttractionsMapViewController.swift in Sources */ = {isa = PBXBuildFile; fileRef = 36FF8CFF2275A68C0069250C /* SRAttractionsMapViewController.swift */; };
		36FF8D052275A69C0069250C /* close_icon.png in Resources */ = {isa = PBXBuildFile; fileRef = 36FF8D012275A69C0069250C /* close_icon.png */; };
		36FF8D062275A69C0069250C /* SRCalloutView.xib in Resources */ = {isa = PBXBuildFile; fileRef = 36FF8D022275A69C0069250C /* SRCalloutView.xib */; };
		36FF8D072275A69C0069250C /* SRTriangleView.swift in Sources */ = {isa = PBXBuildFile; fileRef = 36FF8D032275A69C0069250C /* SRTriangleView.swift */; };
		36FF8D082275A69C0069250C /* SRCalloutView.swift in Sources */ = {isa = PBXBuildFile; fileRef = 36FF8D042275A69C0069250C /* SRCalloutView.swift */; };
		36FF8D0D2275A6BB0069250C /* SRAttraction.swift in Sources */ = {isa = PBXBuildFile; fileRef = 36FF8D0A2275A6BB0069250C /* SRAttraction.swift */; };
		36FF8D0E2275A6BB0069250C /* annotation_icon.png in Resources */ = {isa = PBXBuildFile; fileRef = 36FF8D0B2275A6BB0069250C /* annotation_icon.png */; };
		36FF8D0F2275A6BB0069250C /* SRAnnotationView.swift in Sources */ = {isa = PBXBuildFile; fileRef = 36FF8D0C2275A6BB0069250C /* SRAnnotationView.swift */; };
		786D7542FFADBB3739987CC4 /* Pods_rally.framework in Frameworks */ = {isa = PBXBuildFile; fileRef = A9564E427A84B321813A1079 /* Pods_rally.framework */; };
		817D40AF993A82FF21F3A470 /* Pods_rallyTests.framework in Frameworks */ = {isa = PBXBuildFile; fileRef = 332D9422826449797B768FA4 /* Pods_rallyTests.framework */; };
		E77032042382DA83CE5E1A48 /* Pods_rallyUITests.framework in Frameworks */ = {isa = PBXBuildFile; fileRef = FC47A60AD1C03F2F243BB99A /* Pods_rallyUITests.framework */; };
/* End PBXBuildFile section */

/* Begin PBXContainerItemProxy section */
		36F678EF21DDEBAD0009977A /* PBXContainerItemProxy */ = {
			isa = PBXContainerItemProxy;
			containerPortal = 36F678CF21DDEBAA0009977A /* Project object */;
			proxyType = 1;
			remoteGlobalIDString = 36F678D621DDEBAB0009977A;
			remoteInfo = rally;
		};
		36F678FA21DDEBAD0009977A /* PBXContainerItemProxy */ = {
			isa = PBXContainerItemProxy;
			containerPortal = 36F678CF21DDEBAA0009977A /* Project object */;
			proxyType = 1;
			remoteGlobalIDString = 36F678D621DDEBAB0009977A;
			remoteInfo = rally;
		};
/* End PBXContainerItemProxy section */

/* Begin PBXCopyFilesBuildPhase section */
		3655CB882275B4F0004E7316 /* Embed Frameworks */ = {
			isa = PBXCopyFilesBuildPhase;
			buildActionMask = 2147483647;
			dstPath = "";
			dstSubfolderSpec = 10;
			files = (
			);
			name = "Embed Frameworks";
			runOnlyForDeploymentPostprocessing = 0;
		};
/* End PBXCopyFilesBuildPhase section */

/* Begin PBXFileReference section */
		332D9422826449797B768FA4 /* Pods_rallyTests.framework */ = {isa = PBXFileReference; explicitFileType = wrapper.framework; includeInIndex = 0; path = Pods_rallyTests.framework; sourceTree = BUILT_PRODUCTS_DIR; };
		3600649921E12EFE005FD39C /* GoogleService-Info.plist */ = {isa = PBXFileReference; fileEncoding = 4; lastKnownFileType = text.plist.xml; path = "GoogleService-Info.plist"; sourceTree = "<group>"; };
		3606421B22770AC700470637 /* ImageService.swift */ = {isa = PBXFileReference; lastKnownFileType = sourcecode.swift; path = ImageService.swift; sourceTree = "<group>"; };
		3606421E2277127000470637 /* UserProfile.swift */ = {isa = PBXFileReference; fileEncoding = 4; lastKnownFileType = sourcecode.swift; name = UserProfile.swift; path = "../../../SwiftFirebaseTutorials-master/FirebaseApp-9-Refresh-Control-Start/FirebaseApp/Models/UserProfile.swift"; sourceTree = "<group>"; };
		3606421F2277127000470637 /* Post.swift */ = {isa = PBXFileReference; fileEncoding = 4; lastKnownFileType = sourcecode.swift; name = Post.swift; path = "../../../SwiftFirebaseTutorials-master/FirebaseApp-9-Refresh-Control-Start/FirebaseApp/Models/Post.swift"; sourceTree = "<group>"; };
		361B447D225662D9009AFC09 /* CreateQR.swift */ = {isa = PBXFileReference; fileEncoding = 4; lastKnownFileType = sourcecode.swift; path = CreateQR.swift; sourceTree = "<group>"; };
		361B447F2257E7DE009AFC09 /* UserHomeTableViewCell.swift */ = {isa = PBXFileReference; lastKnownFileType = sourcecode.swift; path = UserHomeTableViewCell.swift; sourceTree = "<group>"; };
		3623BFF1224CB13800A57F58 /* StickHeroGameScene.swift */ = {isa = PBXFileReference; fileEncoding = 4; lastKnownFileType = sourcecode.swift; path = StickHeroGameScene.swift; sourceTree = "<group>"; };
		3623BFF3224CB13900A57F58 /* RunGameViewController.swift */ = {isa = PBXFileReference; fileEncoding = 4; lastKnownFileType = sourcecode.swift; path = RunGameViewController.swift; sourceTree = "<group>"; };
		3623BFF4224CB13900A57F58 /* Defined.swift */ = {isa = PBXFileReference; fileEncoding = 4; lastKnownFileType = sourcecode.swift; path = Defined.swift; sourceTree = "<group>"; };
		3623BFF5224CB13900A57F58 /* Tools.swift */ = {isa = PBXFileReference; fileEncoding = 4; lastKnownFileType = sourcecode.swift; path = Tools.swift; sourceTree = "<group>"; };
		3623BFFC224CB41700A57F58 /* fall.wav */ = {isa = PBXFileReference; lastKnownFileType = audio.wav; path = fall.wav; sourceTree = "<group>"; };
		3623BFFD224CB41700A57F58 /* stick_grow_loop.wav */ = {isa = PBXFileReference; lastKnownFileType = audio.wav; path = stick_grow_loop.wav; sourceTree = "<group>"; };
		3623BFFE224CB41700A57F58 /* dead.wav */ = {isa = PBXFileReference; lastKnownFileType = audio.wav; path = dead.wav; sourceTree = "<group>"; };
		3623BFFF224CB41700A57F58 /* bg_country.mp3 */ = {isa = PBXFileReference; lastKnownFileType = audio.mp3; path = bg_country.mp3; sourceTree = "<group>"; };
		3623C000224CB41800A57F58 /* touch_mid.wav */ = {isa = PBXFileReference; lastKnownFileType = audio.wav; path = touch_mid.wav; sourceTree = "<group>"; };
		3623C001224CB41800A57F58 /* highScore.wav */ = {isa = PBXFileReference; lastKnownFileType = audio.wav; path = highScore.wav; sourceTree = "<group>"; };
		3623C002224CB41800A57F58 /* kick.wav */ = {isa = PBXFileReference; lastKnownFileType = audio.wav; path = kick.wav; sourceTree = "<group>"; };
		3623C003224CB41800A57F58 /* victory.wav */ = {isa = PBXFileReference; lastKnownFileType = audio.wav; path = victory.wav; sourceTree = "<group>"; };
		362F2F3721F249BC00BCDE96 /* TabbarViewController.swift */ = {isa = PBXFileReference; lastKnownFileType = sourcecode.swift; path = TabbarViewController.swift; sourceTree = "<group>"; };
		3644F334226F276E0038E123 /* Namegroup.swift */ = {isa = PBXFileReference; fileEncoding = 4; lastKnownFileType = sourcecode.swift; path = Namegroup.swift; sourceTree = "<group>"; };
		3644F335226F276F0038E123 /* GroupsTableViewController.swift */ = {isa = PBXFileReference; fileEncoding = 4; lastKnownFileType = sourcecode.swift; path = GroupsTableViewController.swift; sourceTree = "<group>"; };
		3644F336226F276F0038E123 /* GroupController.swift */ = {isa = PBXFileReference; fileEncoding = 4; lastKnownFileType = sourcecode.swift; path = GroupController.swift; sourceTree = "<group>"; };
		3644F33D226F285A0038E123 /* CoreDataStack.swift */ = {isa = PBXFileReference; fileEncoding = 4; lastKnownFileType = sourcecode.swift; path = CoreDataStack.swift; sourceTree = "<group>"; };
		3644F33E226F285A0038E123 /* Member+Convenience.swift */ = {isa = PBXFileReference; fileEncoding = 4; lastKnownFileType = sourcecode.swift; path = "Member+Convenience.swift"; sourceTree = "<group>"; };
		3644F33F226F285A0038E123 /* Member+CoreDataClass.swift */ = {isa = PBXFileReference; fileEncoding = 4; lastKnownFileType = sourcecode.swift; path = "Member+CoreDataClass.swift"; sourceTree = "<group>"; };
		3644F340226F285A0038E123 /* Group+CoreDataProperties.swift */ = {isa = PBXFileReference; fileEncoding = 4; lastKnownFileType = sourcecode.swift; path = "Group+CoreDataProperties.swift"; sourceTree = "<group>"; };
		3644F341226F285A0038E123 /* Group+Convenience.swift */ = {isa = PBXFileReference; fileEncoding = 4; lastKnownFileType = sourcecode.swift; path = "Group+Convenience.swift"; sourceTree = "<group>"; };
		3644F343226F285B0038E123 /* Group.xcdatamodel */ = {isa = PBXFileReference; lastKnownFileType = wrapper.xcdatamodel; path = Group.xcdatamodel; sourceTree = "<group>"; };
		3644F344226F285B0038E123 /* Member+CoreDataProperties.swift */ = {isa = PBXFileReference; fileEncoding = 4; lastKnownFileType = sourcecode.swift; path = "Member+CoreDataProperties.swift"; sourceTree = "<group>"; };
		3644F345226F285B0038E123 /* Group+CoreDataClass.swift */ = {isa = PBXFileReference; fileEncoding = 4; lastKnownFileType = sourcecode.swift; path = "Group+CoreDataClass.swift"; sourceTree = "<group>"; };
		3644F34F2270EDA80038E123 /* ViewcontrollerScore.swift */ = {isa = PBXFileReference; fileEncoding = 4; lastKnownFileType = sourcecode.swift; path = ViewcontrollerScore.swift; sourceTree = "<group>"; };
		3644F3502270EDA80038E123 /* RankScoree.swift */ = {isa = PBXFileReference; fileEncoding = 4; lastKnownFileType = sourcecode.swift; path = RankScoree.swift; sourceTree = "<group>"; };
		3644F3512270EDA80038E123 /* TableViewCellScore.swift */ = {isa = PBXFileReference; fileEncoding = 4; lastKnownFileType = sourcecode.swift; path = TableViewCellScore.swift; sourceTree = "<group>"; };
		3644F356227587550038E123 /* TimerManager.swift */ = {isa = PBXFileReference; fileEncoding = 4; lastKnownFileType = sourcecode.swift; path = TimerManager.swift; sourceTree = "<group>"; };
		36513C1D21E14256001652FF /* LoginViewController.swift */ = {isa = PBXFileReference; fileEncoding = 4; lastKnownFileType = sourcecode.swift; path = LoginViewController.swift; sourceTree = "<group>"; };
		36513C1F21E14273001652FF /* RegisterViewController.swift */ = {isa = PBXFileReference; fileEncoding = 4; lastKnownFileType = sourcecode.swift; path = RegisterViewController.swift; sourceTree = "<group>"; };
		36513C2021E14274001652FF /* ResetpassView.swift */ = {isa = PBXFileReference; fileEncoding = 4; lastKnownFileType = sourcecode.swift; path = ResetpassView.swift; sourceTree = "<group>"; };
		36513C2321E1435E001652FF /* Const.swift */ = {isa = PBXFileReference; fileEncoding = 4; lastKnownFileType = sourcecode.swift; path = Const.swift; sourceTree = "<group>"; };
		3669C57322363A56001A06B8 /* Scanqr.swift */ = {isa = PBXFileReference; fileEncoding = 4; lastKnownFileType = sourcecode.swift; path = Scanqr.swift; sourceTree = "<group>"; };
		3669C579223657F7001A06B8 /* UserHomeViewController.swift */ = {isa = PBXFileReference; lastKnownFileType = sourcecode.swift; path = UserHomeViewController.swift; sourceTree = "<group>"; };
		3669C57C223658E1001A06B8 /* UserTabberViewController.swift */ = {isa = PBXFileReference; lastKnownFileType = sourcecode.swift; path = UserTabberViewController.swift; sourceTree = "<group>"; };
		3683858E2212B09000E6A561 /* QuestionModel.swift */ = {isa = PBXFileReference; fileEncoding = 4; lastKnownFileType = sourcecode.swift; path = QuestionModel.swift; sourceTree = "<group>"; };
		3683858F2212B09000E6A561 /* ScoreModel.swift */ = {isa = PBXFileReference; fileEncoding = 4; lastKnownFileType = sourcecode.swift; path = ScoreModel.swift; sourceTree = "<group>"; };
		368385932212B0E000E6A561 /* QuestionGameViewController.swift */ = {isa = PBXFileReference; lastKnownFileType = sourcecode.swift; path = QuestionGameViewController.swift; sourceTree = "<group>"; };
		368385972212B5DF00E6A561 /* ARHacheGameViewController.swift */ = {isa = PBXFileReference; lastKnownFileType = sourcecode.swift; path = ARHacheGameViewController.swift; sourceTree = "<group>"; };
		368385992212B63200E6A561 /* ARHacheGameHomeViewController.swift */ = {isa = PBXFileReference; fileEncoding = 4; lastKnownFileType = sourcecode.swift; path = ARHacheGameHomeViewController.swift; sourceTree = "<group>"; };
		3683859B2212B78000E6A561 /* Sounds */ = {isa = PBXFileReference; lastKnownFileType = folder; path = Sounds; sourceTree = "<group>"; };
		3683859D2212B7E500E6A561 /* art.scnassets */ = {isa = PBXFileReference; lastKnownFileType = wrapper.scnassets; path = art.scnassets; sourceTree = "<group>"; };
		3683859F2212B93100E6A561 /* Particles */ = {isa = PBXFileReference; lastKnownFileType = folder; path = Particles; sourceTree = "<group>"; };
		368385A122132C9900E6A561 /* GameSettingViewController.swift */ = {isa = PBXFileReference; lastKnownFileType = sourcecode.swift; path = GameSettingViewController.swift; sourceTree = "<group>"; };
		368385A922132E4500E6A561 /* GameSettingCell.swift */ = {isa = PBXFileReference; fileEncoding = 4; lastKnownFileType = sourcecode.swift; path = GameSettingCell.swift; sourceTree = "<group>"; };
		3691E37B222283E200B458A5 /* ChooseGameView.xib */ = {isa = PBXFileReference; lastKnownFileType = file.xib; path = ChooseGameView.xib; sourceTree = "<group>"; };
		3691E383222327D200B458A5 /* ChooseGameViewController.swift */ = {isa = PBXFileReference; fileEncoding = 4; lastKnownFileType = sourcecode.swift; path = ChooseGameViewController.swift; sourceTree = "<group>"; };
		36990442227941160094F0BB /* Geotification.swift */ = {isa = PBXFileReference; fileEncoding = 4; lastKnownFileType = sourcecode.swift; name = Geotification.swift; path = ../../../../Archive/Geotification.swift; sourceTree = "<group>"; };
		36990443227941160094F0BB /* Utilities.swift */ = {isa = PBXFileReference; fileEncoding = 4; lastKnownFileType = sourcecode.swift; name = Utilities.swift; path = ../../../../Archive/Utilities.swift; sourceTree = "<group>"; };
		36990444227941160094F0BB /* GeofenceViewController.swift */ = {isa = PBXFileReference; fileEncoding = 4; lastKnownFileType = sourcecode.swift; name = GeofenceViewController.swift; path = ../../../../Archive/GeofenceViewController.swift; sourceTree = "<group>"; };
		36990445227941160094F0BB /* AddGeofenceViewController.swift */ = {isa = PBXFileReference; fileEncoding = 4; lastKnownFileType = sourcecode.swift; name = AddGeofenceViewController.swift; path = ../../../../Archive/AddGeofenceViewController.swift; sourceTree = "<group>"; };
		36A474A0224CB78F003B2555 /* MathViewController.swift */ = {isa = PBXFileReference; fileEncoding = 4; lastKnownFileType = sourcecode.swift; path = MathViewController.swift; sourceTree = "<group>"; };
		36A474A2224CB790003B2555 /* FIRData.swift */ = {isa = PBXFileReference; fileEncoding = 4; lastKnownFileType = sourcecode.swift; path = FIRData.swift; sourceTree = "<group>"; };
		36A474A3224CB790003B2555 /* OptionsViewController.swift */ = {isa = PBXFileReference; fileEncoding = 4; lastKnownFileType = sourcecode.swift; path = OptionsViewController.swift; sourceTree = "<group>"; };
		36A474AA224CC932003B2555 /* ChooseMapViewController.swift */ = {isa = PBXFileReference; fileEncoding = 4; lastKnownFileType = sourcecode.swift; path = ChooseMapViewController.swift; sourceTree = "<group>"; };
		36A474AB224CC932003B2555 /* LocationPickerController.swift */ = {isa = PBXFileReference; fileEncoding = 4; lastKnownFileType = sourcecode.swift; path = LocationPickerController.swift; sourceTree = "<group>"; };
		36C5E2692255D53D00A70881 /* PicScrollingViewController.swift */ = {isa = PBXFileReference; fileEncoding = 4; lastKnownFileType = sourcecode.swift; path = PicScrollingViewController.swift; sourceTree = "<group>"; };
		36C5E26B2255D54B00A70881 /* IMG_9125.JPG */ = {isa = PBXFileReference; lastKnownFileType = image.jpeg; path = IMG_9125.JPG; sourceTree = "<group>"; };
		36C5E26D2255D57D00A70881 /* Scrambled JpeggsUITests */ = {isa = PBXFileReference; lastKnownFileType = folder; path = "Scrambled JpeggsUITests"; sourceTree = "<group>"; };
		36C5E26F2255D58100A70881 /* Scrambled JpeggsTests */ = {isa = PBXFileReference; lastKnownFileType = folder; path = "Scrambled JpeggsTests"; sourceTree = "<group>"; };
		36C8027B21E51CEF009F6877 /* CreateChanelViewController.swift */ = {isa = PBXFileReference; lastKnownFileType = sourcecode.swift; path = CreateChanelViewController.swift; sourceTree = "<group>"; };
		36C8027D21EB566B009F6877 /* rally.entitlements */ = {isa = PBXFileReference; lastKnownFileType = text.plist.entitlements; path = rally.entitlements; sourceTree = "<group>"; };
		36C8027E21F0A6B2009F6877 /* SettingsChannelViewController.swift */ = {isa = PBXFileReference; lastKnownFileType = sourcecode.swift; path = SettingsChannelViewController.swift; sourceTree = "<group>"; };
		36C8028121F0DFD3009F6877 /* AdminHomeViewController.swift */ = {isa = PBXFileReference; lastKnownFileType = sourcecode.swift; path = AdminHomeViewController.swift; sourceTree = "<group>"; };
		36C8028421F0E8BE009F6877 /* tbMemberCell.swift */ = {isa = PBXFileReference; lastKnownFileType = sourcecode.swift; path = tbMemberCell.swift; sourceTree = "<group>"; };
		36C8028621F1053A009F6877 /* User.swift */ = {isa = PBXFileReference; lastKnownFileType = sourcecode.swift; path = User.swift; sourceTree = "<group>"; };
		36E6840222219029001B0374 /* Assets.xcassets */ = {isa = PBXFileReference; lastKnownFileType = folder.assetcatalog; path = Assets.xcassets; sourceTree = "<group>"; };
		36F678D721DDEBAB0009977A /* rally.app */ = {isa = PBXFileReference; explicitFileType = wrapper.application; includeInIndex = 0; path = rally.app; sourceTree = BUILT_PRODUCTS_DIR; };
		36F678DA21DDEBAB0009977A /* AppDelegate.swift */ = {isa = PBXFileReference; lastKnownFileType = sourcecode.swift; path = AppDelegate.swift; sourceTree = "<group>"; };
		36F678DC21DDEBAB0009977A /* ViewController.swift */ = {isa = PBXFileReference; lastKnownFileType = sourcecode.swift; path = ViewController.swift; sourceTree = "<group>"; };
		36F678DF21DDEBAB0009977A /* Base */ = {isa = PBXFileReference; lastKnownFileType = file.storyboard; name = Base; path = Base.lproj/Main.storyboard; sourceTree = "<group>"; };
		36F678E221DDEBAB0009977A /* rally.xcdatamodel */ = {isa = PBXFileReference; lastKnownFileType = wrapper.xcdatamodel; path = rally.xcdatamodel; sourceTree = "<group>"; };
		36F678E721DDEBAC0009977A /* Base */ = {isa = PBXFileReference; lastKnownFileType = file.storyboard; name = Base; path = Base.lproj/LaunchScreen.storyboard; sourceTree = "<group>"; };
		36F678E921DDEBAC0009977A /* Info.plist */ = {isa = PBXFileReference; lastKnownFileType = text.plist.xml; path = Info.plist; sourceTree = "<group>"; };
		36F678EE21DDEBAD0009977A /* rallyTests.xctest */ = {isa = PBXFileReference; explicitFileType = wrapper.cfbundle; includeInIndex = 0; path = rallyTests.xctest; sourceTree = BUILT_PRODUCTS_DIR; };
		36F678F221DDEBAD0009977A /* rallyTests.swift */ = {isa = PBXFileReference; lastKnownFileType = sourcecode.swift; path = rallyTests.swift; sourceTree = "<group>"; };
		36F678F421DDEBAD0009977A /* Info.plist */ = {isa = PBXFileReference; lastKnownFileType = text.plist.xml; path = Info.plist; sourceTree = "<group>"; };
		36F678F921DDEBAD0009977A /* rallyUITests.xctest */ = {isa = PBXFileReference; explicitFileType = wrapper.cfbundle; includeInIndex = 0; path = rallyUITests.xctest; sourceTree = BUILT_PRODUCTS_DIR; };
		36F678FD21DDEBAD0009977A /* rallyUITests.swift */ = {isa = PBXFileReference; lastKnownFileType = sourcecode.swift; path = rallyUITests.swift; sourceTree = "<group>"; };
		36F678FF21DDEBAD0009977A /* Info.plist */ = {isa = PBXFileReference; lastKnownFileType = text.plist.xml; path = Info.plist; sourceTree = "<group>"; };
		36F6790C21DDF9A80009977A /* DB ADMAN X BD.TTF */ = {isa = PBXFileReference; lastKnownFileType = file; path = "DB ADMAN X BD.TTF"; sourceTree = "<group>"; };
		36F6790D21DDF9A80009977A /* DB ADMAN X ULTRALI.TTF */ = {isa = PBXFileReference; lastKnownFileType = file; path = "DB ADMAN X ULTRALI.TTF"; sourceTree = "<group>"; };
		36F6790E21DDF9A80009977A /* DB ADMAN X.TTF */ = {isa = PBXFileReference; lastKnownFileType = file; path = "DB ADMAN X.TTF"; sourceTree = "<group>"; };
		36F6790F21DDF9A80009977A /* DB ADMAN X LI.TTF */ = {isa = PBXFileReference; lastKnownFileType = file; path = "DB ADMAN X LI.TTF"; sourceTree = "<group>"; };
		36FF8CFB2275A5450069250C /* GameLocationViewController.swift */ = {isa = PBXFileReference; lastKnownFileType = sourcecode.swift; name = GameLocationViewController.swift; path = rally/Admin/GameLocation/GameLocationViewController.swift; sourceTree = SOURCE_ROOT; };
		36FF8CFF2275A68C0069250C /* SRAttractionsMapViewController.swift */ = {isa = PBXFileReference; fileEncoding = 4; lastKnownFileType = sourcecode.swift; path = SRAttractionsMapViewController.swift; sourceTree = "<group>"; };
		36FF8D012275A69C0069250C /* close_icon.png */ = {isa = PBXFileReference; lastKnownFileType = image.png; path = close_icon.png; sourceTree = "<group>"; };
		36FF8D022275A69C0069250C /* SRCalloutView.xib */ = {isa = PBXFileReference; fileEncoding = 4; lastKnownFileType = file.xib; path = SRCalloutView.xib; sourceTree = "<group>"; };
		36FF8D032275A69C0069250C /* SRTriangleView.swift */ = {isa = PBXFileReference; fileEncoding = 4; lastKnownFileType = sourcecode.swift; path = SRTriangleView.swift; sourceTree = "<group>"; };
		36FF8D042275A69C0069250C /* SRCalloutView.swift */ = {isa = PBXFileReference; fileEncoding = 4; lastKnownFileType = sourcecode.swift; path = SRCalloutView.swift; sourceTree = "<group>"; };
		36FF8D0A2275A6BB0069250C /* SRAttraction.swift */ = {isa = PBXFileReference; fileEncoding = 4; lastKnownFileType = sourcecode.swift; path = SRAttraction.swift; sourceTree = "<group>"; };
		36FF8D0B2275A6BB0069250C /* annotation_icon.png */ = {isa = PBXFileReference; lastKnownFileType = image.png; path = annotation_icon.png; sourceTree = "<group>"; };
		36FF8D0C2275A6BB0069250C /* SRAnnotationView.swift */ = {isa = PBXFileReference; fileEncoding = 4; lastKnownFileType = sourcecode.swift; path = SRAnnotationView.swift; sourceTree = "<group>"; };
		46D5A54C36BF53D92125D623 /* Pods-rally.release.xcconfig */ = {isa = PBXFileReference; includeInIndex = 1; lastKnownFileType = text.xcconfig; name = "Pods-rally.release.xcconfig"; path = "Pods/Target Support Files/Pods-rally/Pods-rally.release.xcconfig"; sourceTree = "<group>"; };
		64D1C3E11E03631B596EE867 /* Pods-rallyUITests.debug.xcconfig */ = {isa = PBXFileReference; includeInIndex = 1; lastKnownFileType = text.xcconfig; name = "Pods-rallyUITests.debug.xcconfig"; path = "Pods/Target Support Files/Pods-rallyUITests/Pods-rallyUITests.debug.xcconfig"; sourceTree = "<group>"; };
		74A4E7F1C69C68E797E0268C /* Pods-rallyTests.debug.xcconfig */ = {isa = PBXFileReference; includeInIndex = 1; lastKnownFileType = text.xcconfig; name = "Pods-rallyTests.debug.xcconfig"; path = "Pods/Target Support Files/Pods-rallyTests/Pods-rallyTests.debug.xcconfig"; sourceTree = "<group>"; };
		A9564E427A84B321813A1079 /* Pods_rally.framework */ = {isa = PBXFileReference; explicitFileType = wrapper.framework; includeInIndex = 0; path = Pods_rally.framework; sourceTree = BUILT_PRODUCTS_DIR; };
		AF253417576D6755C637A038 /* Pods-rallyUITests.release.xcconfig */ = {isa = PBXFileReference; includeInIndex = 1; lastKnownFileType = text.xcconfig; name = "Pods-rallyUITests.release.xcconfig"; path = "Pods/Target Support Files/Pods-rallyUITests/Pods-rallyUITests.release.xcconfig"; sourceTree = "<group>"; };
		C832C27F4EBE9E23EA66E323 /* Pods-rallyTests.release.xcconfig */ = {isa = PBXFileReference; includeInIndex = 1; lastKnownFileType = text.xcconfig; name = "Pods-rallyTests.release.xcconfig"; path = "Pods/Target Support Files/Pods-rallyTests/Pods-rallyTests.release.xcconfig"; sourceTree = "<group>"; };
		E75456A5C5F682AB78F4BE3F /* Pods-rally.debug.xcconfig */ = {isa = PBXFileReference; includeInIndex = 1; lastKnownFileType = text.xcconfig; name = "Pods-rally.debug.xcconfig"; path = "Pods/Target Support Files/Pods-rally/Pods-rally.debug.xcconfig"; sourceTree = "<group>"; };
		FC47A60AD1C03F2F243BB99A /* Pods_rallyUITests.framework */ = {isa = PBXFileReference; explicitFileType = wrapper.framework; includeInIndex = 0; path = Pods_rallyUITests.framework; sourceTree = BUILT_PRODUCTS_DIR; };
/* End PBXFileReference section */

/* Begin PBXFrameworksBuildPhase section */
		36F678D421DDEBAB0009977A /* Frameworks */ = {
			isa = PBXFrameworksBuildPhase;
			buildActionMask = 2147483647;
			files = (
				786D7542FFADBB3739987CC4 /* Pods_rally.framework in Frameworks */,
			);
			runOnlyForDeploymentPostprocessing = 0;
		};
		36F678EB21DDEBAD0009977A /* Frameworks */ = {
			isa = PBXFrameworksBuildPhase;
			buildActionMask = 2147483647;
			files = (
				817D40AF993A82FF21F3A470 /* Pods_rallyTests.framework in Frameworks */,
			);
			runOnlyForDeploymentPostprocessing = 0;
		};
		36F678F621DDEBAD0009977A /* Frameworks */ = {
			isa = PBXFrameworksBuildPhase;
			buildActionMask = 2147483647;
			files = (
				E77032042382DA83CE5E1A48 /* Pods_rallyUITests.framework in Frameworks */,
			);
			runOnlyForDeploymentPostprocessing = 0;
		};
/* End PBXFrameworksBuildPhase section */

/* Begin PBXGroup section */
		3606421A22770AB000470637 /* Services */ = {
			isa = PBXGroup;
			children = (
				3606421B22770AC700470637 /* ImageService.swift */,
			);
			path = Services;
			sourceTree = "<group>";
		};
		3606421D2277125800470637 /* Model */ = {
			isa = PBXGroup;
			children = (
				3606421F2277127000470637 /* Post.swift */,
				3606421E2277127000470637 /* UserProfile.swift */,
			);
			path = Model;
			sourceTree = "<group>";
		};
		3623BFEE224CB08B00A57F58 /* RUN */ = {
			isa = PBXGroup;
			children = (
				3623BFFB224CB40600A57F58 /* Sound */,
				3623BFF4224CB13900A57F58 /* Defined.swift */,
				3623BFF3224CB13900A57F58 /* RunGameViewController.swift */,
				3623BFF1224CB13800A57F58 /* StickHeroGameScene.swift */,
				3623BFF5224CB13900A57F58 /* Tools.swift */,
			);
			path = RUN;
			sourceTree = "<group>";
		};
		3623BFFB224CB40600A57F58 /* Sound */ = {
			isa = PBXGroup;
			children = (
				3623BFFF224CB41700A57F58 /* bg_country.mp3 */,
				3623BFFE224CB41700A57F58 /* dead.wav */,
				3623BFFC224CB41700A57F58 /* fall.wav */,
				3623C001224CB41800A57F58 /* highScore.wav */,
				3623C002224CB41800A57F58 /* kick.wav */,
				3623BFFD224CB41700A57F58 /* stick_grow_loop.wav */,
				3623C000224CB41800A57F58 /* touch_mid.wav */,
				3623C003224CB41800A57F58 /* victory.wav */,
			);
			path = Sound;
			sourceTree = "<group>";
		};
		3644F333226F272A0038E123 /* Grouping */ = {
			isa = PBXGroup;
			children = (
				3644F33C226F28410038E123 /* Model+coredata */,
				3644F336226F276F0038E123 /* GroupController.swift */,
				3644F335226F276F0038E123 /* GroupsTableViewController.swift */,
				3644F334226F276E0038E123 /* Namegroup.swift */,
			);
			path = Grouping;
			sourceTree = "<group>";
		};
		3644F33C226F28410038E123 /* Model+coredata */ = {
			isa = PBXGroup;
			children = (
				3644F33D226F285A0038E123 /* CoreDataStack.swift */,
				3644F342226F285B0038E123 /* Group.xcdatamodeld */,
				3644F341226F285A0038E123 /* Group+Convenience.swift */,
				3644F345226F285B0038E123 /* Group+CoreDataClass.swift */,
				3644F340226F285A0038E123 /* Group+CoreDataProperties.swift */,
				3644F33E226F285A0038E123 /* Member+Convenience.swift */,
				3644F33F226F285A0038E123 /* Member+CoreDataClass.swift */,
				3644F344226F285B0038E123 /* Member+CoreDataProperties.swift */,
			);
			path = "Model+coredata";
			sourceTree = "<group>";
		};
		3644F34E2270ED8B0038E123 /* ranking */ = {
			isa = PBXGroup;
			children = (
				3644F3502270EDA80038E123 /* RankScoree.swift */,
				3644F3512270EDA80038E123 /* TableViewCellScore.swift */,
				3644F34F2270EDA80038E123 /* ViewcontrollerScore.swift */,
			);
			path = ranking;
			sourceTree = "<group>";
		};
		3644F3552275873D0038E123 /* Time */ = {
			isa = PBXGroup;
			children = (
				3644F356227587550038E123 /* TimerManager.swift */,
			);
			path = Time;
			sourceTree = "<group>";
		};
		36513C1C21E14245001652FF /* login */ = {
			isa = PBXGroup;
			children = (
				36513C1D21E14256001652FF /* LoginViewController.swift */,
				36513C1F21E14273001652FF /* RegisterViewController.swift */,
				36513C2021E14274001652FF /* ResetpassView.swift */,
			);
			path = login;
			sourceTree = "<group>";
		};
		3669C57222363A2E001A06B8 /* Join Group */ = {
			isa = PBXGroup;
			children = (
				3669C57322363A56001A06B8 /* Scanqr.swift */,
			);
			path = "Join Group";
			sourceTree = "<group>";
		};
		3669C57B223657FF001A06B8 /* User */ = {
			isa = PBXGroup;
			children = (
				3669C57222363A2E001A06B8 /* Join Group */,
				36F678DC21DDEBAB0009977A /* ViewController.swift */,
				3669C579223657F7001A06B8 /* UserHomeViewController.swift */,
				3669C57C223658E1001A06B8 /* UserTabberViewController.swift */,
				361B447F2257E7DE009AFC09 /* UserHomeTableViewCell.swift */,
			);
			path = User;
			sourceTree = "<group>";
		};
		368385922212B09900E6A561 /* game */ = {
			isa = PBXGroup;
			children = (
				368385952212B53F00E6A561 /* questiongame */,
				368385962212B55500E6A561 /* ARHacheGame */,
				36C5E2682255D40A00A70881 /* Picture scrolling  */,
				36A4749F224CB744003B2555 /* MATH */,
				3623BFEE224CB08B00A57F58 /* RUN */,
			);
			path = game;
			sourceTree = "<group>";
		};
		368385952212B53F00E6A561 /* questiongame */ = {
			isa = PBXGroup;
			children = (
				3683858E2212B09000E6A561 /* QuestionModel.swift */,
				3683858F2212B09000E6A561 /* ScoreModel.swift */,
				368385932212B0E000E6A561 /* QuestionGameViewController.swift */,
			);
			path = questiongame;
			sourceTree = "<group>";
		};
		368385962212B55500E6A561 /* ARHacheGame */ = {
			isa = PBXGroup;
			children = (
				3683859F2212B93100E6A561 /* Particles */,
				3683859B2212B78000E6A561 /* Sounds */,
				368385972212B5DF00E6A561 /* ARHacheGameViewController.swift */,
				368385992212B63200E6A561 /* ARHacheGameHomeViewController.swift */,
			);
			path = ARHacheGame;
			sourceTree = "<group>";
		};
		36990441227940FC0094F0BB /* Map */ = {
			isa = PBXGroup;
			children = (
				36990445227941160094F0BB /* AddGeofenceViewController.swift */,
				36990444227941160094F0BB /* GeofenceViewController.swift */,
				36990442227941160094F0BB /* Geotification.swift */,
				36990443227941160094F0BB /* Utilities.swift */,
			);
			path = Map;
			sourceTree = "<group>";
		};
		36A4749F224CB744003B2555 /* MATH */ = {
			isa = PBXGroup;
			children = (
				36A474A2224CB790003B2555 /* FIRData.swift */,
				36A474A3224CB790003B2555 /* OptionsViewController.swift */,
				36A474A0224CB78F003B2555 /* MathViewController.swift */,
			);
			path = MATH;
			sourceTree = "<group>";
		};
		36A474A9224CC914003B2555 /* ChooseMap */ = {
			isa = PBXGroup;
			children = (
				36A474AB224CC932003B2555 /* LocationPickerController.swift */,
				36A474AA224CC932003B2555 /* ChooseMapViewController.swift */,
			);
			path = ChooseMap;
			sourceTree = "<group>";
		};
		36C5E2682255D40A00A70881 /* Picture scrolling  */ = {
			isa = PBXGroup;
			children = (
				36C5E26F2255D58100A70881 /* Scrambled JpeggsTests */,
				36C5E26D2255D57D00A70881 /* Scrambled JpeggsUITests */,
				36C5E26B2255D54B00A70881 /* IMG_9125.JPG */,
				36C5E2692255D53D00A70881 /* PicScrollingViewController.swift */,
			);
			path = "Picture scrolling ";
			sourceTree = "<group>";
		};
		36C8028021F0A6C6009F6877 /* channelSetting */ = {
			isa = PBXGroup;
			children = (
				36A474A9224CC914003B2555 /* ChooseMap */,
				36C8027B21E51CEF009F6877 /* CreateChanelViewController.swift */,
				36C8027E21F0A6B2009F6877 /* SettingsChannelViewController.swift */,
				368385A122132C9900E6A561 /* GameSettingViewController.swift */,
				368385A922132E4500E6A561 /* GameSettingCell.swift */,
				3691E383222327D200B458A5 /* ChooseGameViewController.swift */,
			);
			path = channelSetting;
			sourceTree = "<group>";
		};
		36C8028321F0DFDF009F6877 /* Admin */ = {
			isa = PBXGroup;
			children = (
				36990441227940FC0094F0BB /* Map */,
				3644F3552275873D0038E123 /* Time */,
				361B447D225662D9009AFC09 /* CreateQR.swift */,
				362F2F3721F249BC00BCDE96 /* TabbarViewController.swift */,
				36C8028121F0DFD3009F6877 /* AdminHomeViewController.swift */,
				36C8028421F0E8BE009F6877 /* tbMemberCell.swift */,
				36FF8CFD2275A6340069250C /* GameLocation */,
			);
			path = Admin;
			sourceTree = "<group>";
		};
		36F678CE21DDEBAA0009977A = {
			isa = PBXGroup;
			children = (
				36F678D921DDEBAB0009977A /* rally */,
				36F678F121DDEBAD0009977A /* rallyTests */,
				36F678FC21DDEBAD0009977A /* rallyUITests */,
				36F678D821DDEBAB0009977A /* Products */,
				F44536A1FC5502F82C40B44B /* Pods */,
				65981BDBDC41B22588949715 /* Frameworks */,
			);
			sourceTree = "<group>";
		};
		36F678D821DDEBAB0009977A /* Products */ = {
			isa = PBXGroup;
			children = (
				36F678D721DDEBAB0009977A /* rally.app */,
				36F678EE21DDEBAD0009977A /* rallyTests.xctest */,
				36F678F921DDEBAD0009977A /* rallyUITests.xctest */,
			);
			name = Products;
			sourceTree = "<group>";
		};
		36F678D921DDEBAB0009977A /* rally */ = {
			isa = PBXGroup;
			children = (
				3606421D2277125800470637 /* Model */,
				3606421A22770AB000470637 /* Services */,
				36C8028621F1053A009F6877 /* User.swift */,
				36C8027D21EB566B009F6877 /* rally.entitlements */,
				3669C57B223657FF001A06B8 /* User */,
				36C8028321F0DFDF009F6877 /* Admin */,
				36C8028021F0A6C6009F6877 /* channelSetting */,
				3644F333226F272A0038E123 /* Grouping */,
				3644F34E2270ED8B0038E123 /* ranking */,
				36513C1C21E14245001652FF /* login */,
				368385922212B09900E6A561 /* game */,
				36F6790B21DDF98A0009977A /* font */,
				36F678DA21DDEBAB0009977A /* AppDelegate.swift */,
				36513C2321E1435E001652FF /* Const.swift */,
				36F678DE21DDEBAB0009977A /* Main.storyboard */,
				36E6840222219029001B0374 /* Assets.xcassets */,
				3683859D2212B7E500E6A561 /* art.scnassets */,
				36F678E621DDEBAC0009977A /* LaunchScreen.storyboard */,
				36F678E921DDEBAC0009977A /* Info.plist */,
				3600649921E12EFE005FD39C /* GoogleService-Info.plist */,
				36F678E121DDEBAB0009977A /* rally.xcdatamodeld */,
				3691E37B222283E200B458A5 /* ChooseGameView.xib */,
			);
			path = rally;
			sourceTree = "<group>";
		};
		36F678F121DDEBAD0009977A /* rallyTests */ = {
			isa = PBXGroup;
			children = (
				36F678F221DDEBAD0009977A /* rallyTests.swift */,
				36F678F421DDEBAD0009977A /* Info.plist */,
			);
			path = rallyTests;
			sourceTree = "<group>";
		};
		36F678FC21DDEBAD0009977A /* rallyUITests */ = {
			isa = PBXGroup;
			children = (
				36F678FD21DDEBAD0009977A /* rallyUITests.swift */,
				36F678FF21DDEBAD0009977A /* Info.plist */,
			);
			path = rallyUITests;
			sourceTree = "<group>";
		};
		36F6790B21DDF98A0009977A /* font */ = {
			isa = PBXGroup;
			children = (
				36F6790C21DDF9A80009977A /* DB ADMAN X BD.TTF */,
				36F6790F21DDF9A80009977A /* DB ADMAN X LI.TTF */,
				36F6790D21DDF9A80009977A /* DB ADMAN X ULTRALI.TTF */,
				36F6790E21DDF9A80009977A /* DB ADMAN X.TTF */,
			);
			path = font;
			sourceTree = "<group>";
		};
		36FF8CFD2275A6340069250C /* GameLocation */ = {
			isa = PBXGroup;
			children = (
				36FF8CFF2275A68C0069250C /* SRAttractionsMapViewController.swift */,
				36FF8CFB2275A5450069250C /* GameLocationViewController.swift */,
				36FF8D092275A6A10069250C /* Annotation View */,
				36FF8CFE2275A6480069250C /* Callout View */,
			);
			path = GameLocation;
			sourceTree = "<group>";
		};
		36FF8CFE2275A6480069250C /* Callout View */ = {
			isa = PBXGroup;
			children = (
				36FF8D012275A69C0069250C /* close_icon.png */,
				36FF8D042275A69C0069250C /* SRCalloutView.swift */,
				36FF8D022275A69C0069250C /* SRCalloutView.xib */,
				36FF8D032275A69C0069250C /* SRTriangleView.swift */,
			);
			path = "Callout View";
			sourceTree = "<group>";
		};
		36FF8D092275A6A10069250C /* Annotation View */ = {
			isa = PBXGroup;
			children = (
				36FF8D0B2275A6BB0069250C /* annotation_icon.png */,
				36FF8D0C2275A6BB0069250C /* SRAnnotationView.swift */,
				36FF8D0A2275A6BB0069250C /* SRAttraction.swift */,
			);
			path = "Annotation View";
			sourceTree = "<group>";
		};
		65981BDBDC41B22588949715 /* Frameworks */ = {
			isa = PBXGroup;
			children = (
				A9564E427A84B321813A1079 /* Pods_rally.framework */,
				332D9422826449797B768FA4 /* Pods_rallyTests.framework */,
				FC47A60AD1C03F2F243BB99A /* Pods_rallyUITests.framework */,
			);
			name = Frameworks;
			sourceTree = "<group>";
		};
		F44536A1FC5502F82C40B44B /* Pods */ = {
			isa = PBXGroup;
			children = (
				E75456A5C5F682AB78F4BE3F /* Pods-rally.debug.xcconfig */,
				46D5A54C36BF53D92125D623 /* Pods-rally.release.xcconfig */,
				74A4E7F1C69C68E797E0268C /* Pods-rallyTests.debug.xcconfig */,
				C832C27F4EBE9E23EA66E323 /* Pods-rallyTests.release.xcconfig */,
				64D1C3E11E03631B596EE867 /* Pods-rallyUITests.debug.xcconfig */,
				AF253417576D6755C637A038 /* Pods-rallyUITests.release.xcconfig */,
			);
			name = Pods;
			sourceTree = "<group>";
		};
/* End PBXGroup section */

/* Begin PBXNativeTarget section */
		36F678D621DDEBAB0009977A /* rally */ = {
			isa = PBXNativeTarget;
			buildConfigurationList = 36F6790221DDEBAD0009977A /* Build configuration list for PBXNativeTarget "rally" */;
			buildPhases = (
				6FAD757947B5466091CAF671 /* [CP] Check Pods Manifest.lock */,
				36F678D321DDEBAB0009977A /* Sources */,
				36F678D421DDEBAB0009977A /* Frameworks */,
				36F678D521DDEBAB0009977A /* Resources */,
				ADF513AC8F9CB142262A075B /* [CP] Embed Pods Frameworks */,
				3655CB882275B4F0004E7316 /* Embed Frameworks */,
			);
			buildRules = (
			);
			dependencies = (
			);
			name = rally;
			productName = rally;
			productReference = 36F678D721DDEBAB0009977A /* rally.app */;
			productType = "com.apple.product-type.application";
		};
		36F678ED21DDEBAD0009977A /* rallyTests */ = {
			isa = PBXNativeTarget;
			buildConfigurationList = 36F6790521DDEBAD0009977A /* Build configuration list for PBXNativeTarget "rallyTests" */;
			buildPhases = (
				AC0EF2EE2FD57B2A6892B205 /* [CP] Check Pods Manifest.lock */,
				36F678EA21DDEBAD0009977A /* Sources */,
				36F678EB21DDEBAD0009977A /* Frameworks */,
				36F678EC21DDEBAD0009977A /* Resources */,
			);
			buildRules = (
			);
			dependencies = (
				36F678F021DDEBAD0009977A /* PBXTargetDependency */,
			);
			name = rallyTests;
			productName = rallyTests;
			productReference = 36F678EE21DDEBAD0009977A /* rallyTests.xctest */;
			productType = "com.apple.product-type.bundle.unit-test";
		};
		36F678F821DDEBAD0009977A /* rallyUITests */ = {
			isa = PBXNativeTarget;
			buildConfigurationList = 36F6790821DDEBAD0009977A /* Build configuration list for PBXNativeTarget "rallyUITests" */;
			buildPhases = (
				25832443CAF87210F10B8959 /* [CP] Check Pods Manifest.lock */,
				36F678F521DDEBAD0009977A /* Sources */,
				36F678F621DDEBAD0009977A /* Frameworks */,
				36F678F721DDEBAD0009977A /* Resources */,
			);
			buildRules = (
			);
			dependencies = (
				36F678FB21DDEBAD0009977A /* PBXTargetDependency */,
			);
			name = rallyUITests;
			productName = rallyUITests;
			productReference = 36F678F921DDEBAD0009977A /* rallyUITests.xctest */;
			productType = "com.apple.product-type.bundle.ui-testing";
		};
/* End PBXNativeTarget section */

/* Begin PBXProject section */
		36F678CF21DDEBAA0009977A /* Project object */ = {
			isa = PBXProject;
			attributes = {
				LastSwiftUpdateCheck = 1010;
				LastUpgradeCheck = 1010;
				ORGANIZATIONNAME = Jinyada;
				TargetAttributes = {
					36F678D621DDEBAB0009977A = {
						CreatedOnToolsVersion = 10.1;
						SystemCapabilities = {
							com.apple.Keychain = {
								enabled = 1;
							};
						};
					};
					36F678ED21DDEBAD0009977A = {
						CreatedOnToolsVersion = 10.1;
						TestTargetID = 36F678D621DDEBAB0009977A;
					};
					36F678F821DDEBAD0009977A = {
						CreatedOnToolsVersion = 10.1;
						TestTargetID = 36F678D621DDEBAB0009977A;
					};
				};
			};
			buildConfigurationList = 36F678D221DDEBAB0009977A /* Build configuration list for PBXProject "rally" */;
			compatibilityVersion = "Xcode 9.3";
			developmentRegion = en;
			hasScannedForEncodings = 0;
			knownRegions = (
				en,
				Base,
			);
			mainGroup = 36F678CE21DDEBAA0009977A;
			productRefGroup = 36F678D821DDEBAB0009977A /* Products */;
			projectDirPath = "";
			projectRoot = "";
			targets = (
				36F678D621DDEBAB0009977A /* rally */,
				36F678ED21DDEBAD0009977A /* rallyTests */,
				36F678F821DDEBAD0009977A /* rallyUITests */,
			);
		};
/* End PBXProject section */

/* Begin PBXResourcesBuildPhase section */
		36F678D521DDEBAB0009977A /* Resources */ = {
			isa = PBXResourcesBuildPhase;
			buildActionMask = 2147483647;
			files = (
				368385A02212B93100E6A561 /* Particles in Resources */,
				3683859C2212B78000E6A561 /* Sounds in Resources */,
				3623C00B224CB41900A57F58 /* victory.wav in Resources */,
				36C5E2722255D58100A70881 /* Scrambled JpeggsTests in Resources */,
				3623C006224CB41800A57F58 /* dead.wav in Resources */,
				3683859E2212B7E500E6A561 /* art.scnassets in Resources */,
				3623C007224CB41900A57F58 /* bg_country.mp3 in Resources */,
				36FF8D0E2275A6BB0069250C /* annotation_icon.png in Resources */,
				36FF8D052275A69C0069250C /* close_icon.png in Resources */,
				3623C008224CB41900A57F58 /* touch_mid.wav in Resources */,
				36C5E2702255D58100A70881 /* Scrambled JpeggsUITests in Resources */,
				36F678E821DDEBAC0009977A /* LaunchScreen.storyboard in Resources */,
				3623C005224CB41800A57F58 /* stick_grow_loop.wav in Resources */,
				3623C009224CB41900A57F58 /* highScore.wav in Resources */,
				3600649A21E12EFE005FD39C /* GoogleService-Info.plist in Resources */,
				3623C00A224CB41900A57F58 /* kick.wav in Resources */,
				36F6791321DDF9A80009977A /* DB ADMAN X ULTRALI.TTF in Resources */,
				36F6791021DDF9A80009977A /* DB ADMAN X BD.TTF in Resources */,
				36F678E021DDEBAB0009977A /* Main.storyboard in Resources */,
				36F6791621DDF9A80009977A /* DB ADMAN X.TTF in Resources */,
				36E6840322219029001B0374 /* Assets.xcassets in Resources */,
				36C5E26C2255D54F00A70881 /* IMG_9125.JPG in Resources */,
				36F6791921DDF9A80009977A /* DB ADMAN X LI.TTF in Resources */,
				3691E37C222283E200B458A5 /* ChooseGameView.xib in Resources */,
				36FF8D062275A69C0069250C /* SRCalloutView.xib in Resources */,
				3623C004224CB41800A57F58 /* fall.wav in Resources */,
			);
			runOnlyForDeploymentPostprocessing = 0;
		};
		36F678EC21DDEBAD0009977A /* Resources */ = {
			isa = PBXResourcesBuildPhase;
			buildActionMask = 2147483647;
			files = (
				36F6791421DDF9A80009977A /* DB ADMAN X ULTRALI.TTF in Resources */,
				36F6791A21DDF9A80009977A /* DB ADMAN X LI.TTF in Resources */,
				36C8027921E51A6E009F6877 /* Info.plist in Resources */,
				3600649B21E12EFE005FD39C /* GoogleService-Info.plist in Resources */,
				36F6791121DDF9A80009977A /* DB ADMAN X BD.TTF in Resources */,
				36F6791721DDF9A80009977A /* DB ADMAN X.TTF in Resources */,
			);
			runOnlyForDeploymentPostprocessing = 0;
		};
		36F678F721DDEBAD0009977A /* Resources */ = {
			isa = PBXResourcesBuildPhase;
			buildActionMask = 2147483647;
			files = (
				36F6791521DDF9A80009977A /* DB ADMAN X ULTRALI.TTF in Resources */,
				36F6791B21DDF9A80009977A /* DB ADMAN X LI.TTF in Resources */,
				36C8027A21E51A6F009F6877 /* Info.plist in Resources */,
				3600649C21E12EFE005FD39C /* GoogleService-Info.plist in Resources */,
				36F6791221DDF9A80009977A /* DB ADMAN X BD.TTF in Resources */,
				36F6791821DDF9A80009977A /* DB ADMAN X.TTF in Resources */,
			);
			runOnlyForDeploymentPostprocessing = 0;
		};
/* End PBXResourcesBuildPhase section */

/* Begin PBXShellScriptBuildPhase section */
		25832443CAF87210F10B8959 /* [CP] Check Pods Manifest.lock */ = {
			isa = PBXShellScriptBuildPhase;
			buildActionMask = 2147483647;
			files = (
			);
			inputFileListPaths = (
			);
			inputPaths = (
				"${PODS_PODFILE_DIR_PATH}/Podfile.lock",
				"${PODS_ROOT}/Manifest.lock",
			);
			name = "[CP] Check Pods Manifest.lock";
			outputFileListPaths = (
			);
			outputPaths = (
				"$(DERIVED_FILE_DIR)/Pods-rallyUITests-checkManifestLockResult.txt",
			);
			runOnlyForDeploymentPostprocessing = 0;
			shellPath = /bin/sh;
			shellScript = "diff \"${PODS_PODFILE_DIR_PATH}/Podfile.lock\" \"${PODS_ROOT}/Manifest.lock\" > /dev/null\nif [ $? != 0 ] ; then\n    # print error to STDERR\n    echo \"error: The sandbox is not in sync with the Podfile.lock. Run 'pod install' or update your CocoaPods installation.\" >&2\n    exit 1\nfi\n# This output is used by Xcode 'outputs' to avoid re-running this script phase.\necho \"SUCCESS\" > \"${SCRIPT_OUTPUT_FILE_0}\"\n";
			showEnvVarsInLog = 0;
		};
		6FAD757947B5466091CAF671 /* [CP] Check Pods Manifest.lock */ = {
			isa = PBXShellScriptBuildPhase;
			buildActionMask = 2147483647;
			files = (
			);
			inputFileListPaths = (
			);
			inputPaths = (
				"${PODS_PODFILE_DIR_PATH}/Podfile.lock",
				"${PODS_ROOT}/Manifest.lock",
			);
			name = "[CP] Check Pods Manifest.lock";
			outputFileListPaths = (
			);
			outputPaths = (
				"$(DERIVED_FILE_DIR)/Pods-rally-checkManifestLockResult.txt",
			);
			runOnlyForDeploymentPostprocessing = 0;
			shellPath = /bin/sh;
			shellScript = "diff \"${PODS_PODFILE_DIR_PATH}/Podfile.lock\" \"${PODS_ROOT}/Manifest.lock\" > /dev/null\nif [ $? != 0 ] ; then\n    # print error to STDERR\n    echo \"error: The sandbox is not in sync with the Podfile.lock. Run 'pod install' or update your CocoaPods installation.\" >&2\n    exit 1\nfi\n# This output is used by Xcode 'outputs' to avoid re-running this script phase.\necho \"SUCCESS\" > \"${SCRIPT_OUTPUT_FILE_0}\"\n";
			showEnvVarsInLog = 0;
		};
		AC0EF2EE2FD57B2A6892B205 /* [CP] Check Pods Manifest.lock */ = {
			isa = PBXShellScriptBuildPhase;
			buildActionMask = 2147483647;
			files = (
			);
			inputFileListPaths = (
			);
			inputPaths = (
				"${PODS_PODFILE_DIR_PATH}/Podfile.lock",
				"${PODS_ROOT}/Manifest.lock",
			);
			name = "[CP] Check Pods Manifest.lock";
			outputFileListPaths = (
			);
			outputPaths = (
				"$(DERIVED_FILE_DIR)/Pods-rallyTests-checkManifestLockResult.txt",
			);
			runOnlyForDeploymentPostprocessing = 0;
			shellPath = /bin/sh;
			shellScript = "diff \"${PODS_PODFILE_DIR_PATH}/Podfile.lock\" \"${PODS_ROOT}/Manifest.lock\" > /dev/null\nif [ $? != 0 ] ; then\n    # print error to STDERR\n    echo \"error: The sandbox is not in sync with the Podfile.lock. Run 'pod install' or update your CocoaPods installation.\" >&2\n    exit 1\nfi\n# This output is used by Xcode 'outputs' to avoid re-running this script phase.\necho \"SUCCESS\" > \"${SCRIPT_OUTPUT_FILE_0}\"\n";
			showEnvVarsInLog = 0;
		};
		ADF513AC8F9CB142262A075B /* [CP] Embed Pods Frameworks */ = {
			isa = PBXShellScriptBuildPhase;
			buildActionMask = 2147483647;
			files = (
			);
			inputFileListPaths = (
			);
			inputPaths = (
				"${SRCROOT}/Pods/Target Support Files/Pods-rally/Pods-rally-frameworks.sh",
				"${BUILT_PRODUCTS_DIR}/BoringSSL-GRPC/openssl_grpc.framework",
				"${BUILT_PRODUCTS_DIR}/GTMSessionFetcher/GTMSessionFetcher.framework",
				"${BUILT_PRODUCTS_DIR}/GoogleToolboxForMac/GoogleToolboxForMac.framework",
				"${BUILT_PRODUCTS_DIR}/Kingfisher/Kingfisher.framework",
				"${BUILT_PRODUCTS_DIR}/Protobuf/Protobuf.framework",
				"${BUILT_PRODUCTS_DIR}/SRAttractionsMap/SRAttractionsMap.framework",
				"${BUILT_PRODUCTS_DIR}/gRPC/GRPCClient.framework",
				"${BUILT_PRODUCTS_DIR}/gRPC-Core/grpc.framework",
				"${BUILT_PRODUCTS_DIR}/gRPC-ProtoRPC/ProtoRPC.framework",
				"${BUILT_PRODUCTS_DIR}/gRPC-RxLibrary/RxLibrary.framework",
				"${BUILT_PRODUCTS_DIR}/leveldb-library/leveldb.framework",
				"${BUILT_PRODUCTS_DIR}/nanopb/nanopb.framework",
			);
			name = "[CP] Embed Pods Frameworks";
			outputFileListPaths = (
			);
			outputPaths = (
				"${TARGET_BUILD_DIR}/${FRAMEWORKS_FOLDER_PATH}/openssl_grpc.framework",
				"${TARGET_BUILD_DIR}/${FRAMEWORKS_FOLDER_PATH}/GTMSessionFetcher.framework",
				"${TARGET_BUILD_DIR}/${FRAMEWORKS_FOLDER_PATH}/GoogleToolboxForMac.framework",
				"${TARGET_BUILD_DIR}/${FRAMEWORKS_FOLDER_PATH}/Kingfisher.framework",
				"${TARGET_BUILD_DIR}/${FRAMEWORKS_FOLDER_PATH}/Protobuf.framework",
				"${TARGET_BUILD_DIR}/${FRAMEWORKS_FOLDER_PATH}/SRAttractionsMap.framework",
				"${TARGET_BUILD_DIR}/${FRAMEWORKS_FOLDER_PATH}/GRPCClient.framework",
				"${TARGET_BUILD_DIR}/${FRAMEWORKS_FOLDER_PATH}/grpc.framework",
				"${TARGET_BUILD_DIR}/${FRAMEWORKS_FOLDER_PATH}/ProtoRPC.framework",
				"${TARGET_BUILD_DIR}/${FRAMEWORKS_FOLDER_PATH}/RxLibrary.framework",
				"${TARGET_BUILD_DIR}/${FRAMEWORKS_FOLDER_PATH}/leveldb.framework",
				"${TARGET_BUILD_DIR}/${FRAMEWORKS_FOLDER_PATH}/nanopb.framework",
			);
			runOnlyForDeploymentPostprocessing = 0;
			shellPath = /bin/sh;
			shellScript = "\"${SRCROOT}/Pods/Target Support Files/Pods-rally/Pods-rally-frameworks.sh\"\n";
			showEnvVarsInLog = 0;
		};
/* End PBXShellScriptBuildPhase section */

/* Begin PBXSourcesBuildPhase section */
		36F678D321DDEBAB0009977A /* Sources */ = {
			isa = PBXSourcesBuildPhase;
			buildActionMask = 2147483647;
			files = (
				361B447E225662D9009AFC09 /* CreateQR.swift in Sources */,
				368385912212B09100E6A561 /* ScoreModel.swift in Sources */,
				3644F338226F276F0038E123 /* GroupsTableViewController.swift in Sources */,
				3669C57D223658E1001A06B8 /* UserTabberViewController.swift in Sources */,
				36990447227941160094F0BB /* Utilities.swift in Sources */,
				36990448227941160094F0BB /* GeofenceViewController.swift in Sources */,
				36C8028521F0E8BE009F6877 /* tbMemberCell.swift in Sources */,
				3644F347226F285B0038E123 /* Member+Convenience.swift in Sources */,
				36513C1E21E14256001652FF /* LoginViewController.swift in Sources */,
				36FF8D002275A68C0069250C /* SRAttractionsMapViewController.swift in Sources */,
				3669C57A223657F7001A06B8 /* UserHomeViewController.swift in Sources */,
				368385982212B5DF00E6A561 /* ARHacheGameViewController.swift in Sources */,
				36513C2121E14274001652FF /* RegisterViewController.swift in Sources */,
				36FF8CFC2275A5450069250C /* GameLocationViewController.swift in Sources */,
				36FF8D0F2275A6BB0069250C /* SRAnnotationView.swift in Sources */,
				36A474AD224CC932003B2555 /* LocationPickerController.swift in Sources */,
				3623BFF8224CB13900A57F58 /* RunGameViewController.swift in Sources */,
				3644F337226F276F0038E123 /* Namegroup.swift in Sources */,
				36990446227941160094F0BB /* Geotification.swift in Sources */,
				3669C57422363A56001A06B8 /* Scanqr.swift in Sources */,
				3683859A2212B63200E6A561 /* ARHacheGameHomeViewController.swift in Sources */,
				362F2F3821F249BC00BCDE96 /* TabbarViewController.swift in Sources */,
				3691E384222327D200B458A5 /* ChooseGameViewController.swift in Sources */,
				36FF8D072275A69C0069250C /* SRTriangleView.swift in Sources */,
				3644F3522270EDA80038E123 /* ViewcontrollerScore.swift in Sources */,
				3644F346226F285B0038E123 /* CoreDataStack.swift in Sources */,
				36A474A4224CB790003B2555 /* MathViewController.swift in Sources */,
				36C8027F21F0A6B2009F6877 /* SettingsChannelViewController.swift in Sources */,
				36C8027C21E51CEF009F6877 /* CreateChanelViewController.swift in Sources */,
				3644F349226F285B0038E123 /* Group+CoreDataProperties.swift in Sources */,
				36990449227941160094F0BB /* AddGeofenceViewController.swift in Sources */,
				36F678E321DDEBAB0009977A /* rally.xcdatamodeld in Sources */,
				3644F34C226F285B0038E123 /* Member+CoreDataProperties.swift in Sources */,
				3623BFF6224CB13900A57F58 /* StickHeroGameScene.swift in Sources */,
				3644F348226F285B0038E123 /* Member+CoreDataClass.swift in Sources */,
				368385942212B0E000E6A561 /* QuestionGameViewController.swift in Sources */,
				368385A222132C9900E6A561 /* GameSettingViewController.swift in Sources */,
				368385AA22132E4500E6A561 /* GameSettingCell.swift in Sources */,
				36C5E26A2255D53D00A70881 /* PicScrollingViewController.swift in Sources */,
				36A474A7224CB790003B2555 /* OptionsViewController.swift in Sources */,
				36FF8D0D2275A6BB0069250C /* SRAttraction.swift in Sources */,
				368385902212B09100E6A561 /* QuestionModel.swift in Sources */,
				3644F357227587550038E123 /* TimerManager.swift in Sources */,
				360642212277127000470637 /* Post.swift in Sources */,
				36A474AC224CC932003B2555 /* ChooseMapViewController.swift in Sources */,
				36A474A6224CB790003B2555 /* FIRData.swift in Sources */,
				3623BFF9224CB13900A57F58 /* Defined.swift in Sources */,
				36F678DD21DDEBAB0009977A /* ViewController.swift in Sources */,
				3644F34D226F285B0038E123 /* Group+CoreDataClass.swift in Sources */,
				36F678DB21DDEBAB0009977A /* AppDelegate.swift in Sources */,
				3606421C22770AC700470637 /* ImageService.swift in Sources */,
				3644F3532270EDA80038E123 /* RankScoree.swift in Sources */,
				3644F339226F276F0038E123 /* GroupController.swift in Sources */,
				36FF8D082275A69C0069250C /* SRCalloutView.swift in Sources */,
				3623BFFA224CB13900A57F58 /* Tools.swift in Sources */,
				36C8028721F1053A009F6877 /* User.swift in Sources */,
				36513C2221E14274001652FF /* ResetpassView.swift in Sources */,
				360642202277127000470637 /* UserProfile.swift in Sources */,
				3644F34A226F285B0038E123 /* Group+Convenience.swift in Sources */,
				36513C2421E1435E001652FF /* Const.swift in Sources */,
				36C8028221F0DFD3009F6877 /* AdminHomeViewController.swift in Sources */,
				3644F3542270EDA80038E123 /* TableViewCellScore.swift in Sources */,
				361B44802257E7DE009AFC09 /* UserHomeTableViewCell.swift in Sources */,
				3644F34B226F285B0038E123 /* Group.xcdatamodeld in Sources */,
			);
			runOnlyForDeploymentPostprocessing = 0;
		};
		36F678EA21DDEBAD0009977A /* Sources */ = {
			isa = PBXSourcesBuildPhase;
			buildActionMask = 2147483647;
			files = (
				36F678F321DDEBAD0009977A /* rallyTests.swift in Sources */,
			);
			runOnlyForDeploymentPostprocessing = 0;
		};
		36F678F521DDEBAD0009977A /* Sources */ = {
			isa = PBXSourcesBuildPhase;
			buildActionMask = 2147483647;
			files = (
				36F678FE21DDEBAD0009977A /* rallyUITests.swift in Sources */,
			);
			runOnlyForDeploymentPostprocessing = 0;
		};
/* End PBXSourcesBuildPhase section */

/* Begin PBXTargetDependency section */
		36F678F021DDEBAD0009977A /* PBXTargetDependency */ = {
			isa = PBXTargetDependency;
			target = 36F678D621DDEBAB0009977A /* rally */;
			targetProxy = 36F678EF21DDEBAD0009977A /* PBXContainerItemProxy */;
		};
		36F678FB21DDEBAD0009977A /* PBXTargetDependency */ = {
			isa = PBXTargetDependency;
			target = 36F678D621DDEBAB0009977A /* rally */;
			targetProxy = 36F678FA21DDEBAD0009977A /* PBXContainerItemProxy */;
		};
/* End PBXTargetDependency section */

/* Begin PBXVariantGroup section */
		36F678DE21DDEBAB0009977A /* Main.storyboard */ = {
			isa = PBXVariantGroup;
			children = (
				36F678DF21DDEBAB0009977A /* Base */,
			);
			name = Main.storyboard;
			sourceTree = "<group>";
		};
		36F678E621DDEBAC0009977A /* LaunchScreen.storyboard */ = {
			isa = PBXVariantGroup;
			children = (
				36F678E721DDEBAC0009977A /* Base */,
			);
			name = LaunchScreen.storyboard;
			sourceTree = "<group>";
		};
/* End PBXVariantGroup section */

/* Begin XCBuildConfiguration section */
		36F6790021DDEBAD0009977A /* Debug */ = {
			isa = XCBuildConfiguration;
			buildSettings = {
				ALWAYS_SEARCH_USER_PATHS = NO;
				CLANG_ANALYZER_NONNULL = YES;
				CLANG_ANALYZER_NUMBER_OBJECT_CONVERSION = YES_AGGRESSIVE;
				CLANG_CXX_LANGUAGE_STANDARD = "gnu++14";
				CLANG_CXX_LIBRARY = "libc++";
				CLANG_ENABLE_MODULES = YES;
				CLANG_ENABLE_OBJC_ARC = YES;
				CLANG_ENABLE_OBJC_WEAK = YES;
				CLANG_WARN_BLOCK_CAPTURE_AUTORELEASING = YES;
				CLANG_WARN_BOOL_CONVERSION = YES;
				CLANG_WARN_COMMA = YES;
				CLANG_WARN_CONSTANT_CONVERSION = YES;
				CLANG_WARN_DEPRECATED_OBJC_IMPLEMENTATIONS = YES;
				CLANG_WARN_DIRECT_OBJC_ISA_USAGE = YES_ERROR;
				CLANG_WARN_DOCUMENTATION_COMMENTS = YES;
				CLANG_WARN_EMPTY_BODY = YES;
				CLANG_WARN_ENUM_CONVERSION = YES;
				CLANG_WARN_INFINITE_RECURSION = YES;
				CLANG_WARN_INT_CONVERSION = YES;
				CLANG_WARN_NON_LITERAL_NULL_CONVERSION = YES;
				CLANG_WARN_OBJC_IMPLICIT_RETAIN_SELF = YES;
				CLANG_WARN_OBJC_LITERAL_CONVERSION = YES;
				CLANG_WARN_OBJC_ROOT_CLASS = YES_ERROR;
				CLANG_WARN_RANGE_LOOP_ANALYSIS = YES;
				CLANG_WARN_STRICT_PROTOTYPES = YES;
				CLANG_WARN_SUSPICIOUS_MOVE = YES;
				CLANG_WARN_UNGUARDED_AVAILABILITY = YES_AGGRESSIVE;
				CLANG_WARN_UNREACHABLE_CODE = YES;
				CLANG_WARN__DUPLICATE_METHOD_MATCH = YES;
				CODE_SIGN_IDENTITY = "iPhone Developer";
				COPY_PHASE_STRIP = NO;
				DEBUG_INFORMATION_FORMAT = dwarf;
				ENABLE_STRICT_OBJC_MSGSEND = YES;
				ENABLE_TESTABILITY = YES;
				GCC_C_LANGUAGE_STANDARD = gnu11;
				GCC_DYNAMIC_NO_PIC = NO;
				GCC_NO_COMMON_BLOCKS = YES;
				GCC_OPTIMIZATION_LEVEL = 0;
				GCC_PREPROCESSOR_DEFINITIONS = (
					"DEBUG=1",
					"$(inherited)",
				);
				GCC_WARN_64_TO_32_BIT_CONVERSION = YES;
				GCC_WARN_ABOUT_RETURN_TYPE = YES_ERROR;
				GCC_WARN_UNDECLARED_SELECTOR = YES;
				GCC_WARN_UNINITIALIZED_AUTOS = YES_AGGRESSIVE;
				GCC_WARN_UNUSED_FUNCTION = YES;
				GCC_WARN_UNUSED_VARIABLE = YES;
				IPHONEOS_DEPLOYMENT_TARGET = 12.1;
				MTL_ENABLE_DEBUG_INFO = INCLUDE_SOURCE;
				MTL_FAST_MATH = YES;
				ONLY_ACTIVE_ARCH = YES;
				SDKROOT = iphoneos;
				SWIFT_ACTIVE_COMPILATION_CONDITIONS = DEBUG;
				SWIFT_OPTIMIZATION_LEVEL = "-Onone";
			};
			name = Debug;
		};
		36F6790121DDEBAD0009977A /* Release */ = {
			isa = XCBuildConfiguration;
			buildSettings = {
				ALWAYS_SEARCH_USER_PATHS = NO;
				CLANG_ANALYZER_NONNULL = YES;
				CLANG_ANALYZER_NUMBER_OBJECT_CONVERSION = YES_AGGRESSIVE;
				CLANG_CXX_LANGUAGE_STANDARD = "gnu++14";
				CLANG_CXX_LIBRARY = "libc++";
				CLANG_ENABLE_MODULES = YES;
				CLANG_ENABLE_OBJC_ARC = YES;
				CLANG_ENABLE_OBJC_WEAK = YES;
				CLANG_WARN_BLOCK_CAPTURE_AUTORELEASING = YES;
				CLANG_WARN_BOOL_CONVERSION = YES;
				CLANG_WARN_COMMA = YES;
				CLANG_WARN_CONSTANT_CONVERSION = YES;
				CLANG_WARN_DEPRECATED_OBJC_IMPLEMENTATIONS = YES;
				CLANG_WARN_DIRECT_OBJC_ISA_USAGE = YES_ERROR;
				CLANG_WARN_DOCUMENTATION_COMMENTS = YES;
				CLANG_WARN_EMPTY_BODY = YES;
				CLANG_WARN_ENUM_CONVERSION = YES;
				CLANG_WARN_INFINITE_RECURSION = YES;
				CLANG_WARN_INT_CONVERSION = YES;
				CLANG_WARN_NON_LITERAL_NULL_CONVERSION = YES;
				CLANG_WARN_OBJC_IMPLICIT_RETAIN_SELF = YES;
				CLANG_WARN_OBJC_LITERAL_CONVERSION = YES;
				CLANG_WARN_OBJC_ROOT_CLASS = YES_ERROR;
				CLANG_WARN_RANGE_LOOP_ANALYSIS = YES;
				CLANG_WARN_STRICT_PROTOTYPES = YES;
				CLANG_WARN_SUSPICIOUS_MOVE = YES;
				CLANG_WARN_UNGUARDED_AVAILABILITY = YES_AGGRESSIVE;
				CLANG_WARN_UNREACHABLE_CODE = YES;
				CLANG_WARN__DUPLICATE_METHOD_MATCH = YES;
				CODE_SIGN_IDENTITY = "iPhone Developer";
				COPY_PHASE_STRIP = NO;
				DEBUG_INFORMATION_FORMAT = "dwarf-with-dsym";
				ENABLE_NS_ASSERTIONS = NO;
				ENABLE_STRICT_OBJC_MSGSEND = YES;
				GCC_C_LANGUAGE_STANDARD = gnu11;
				GCC_NO_COMMON_BLOCKS = YES;
				GCC_WARN_64_TO_32_BIT_CONVERSION = YES;
				GCC_WARN_ABOUT_RETURN_TYPE = YES_ERROR;
				GCC_WARN_UNDECLARED_SELECTOR = YES;
				GCC_WARN_UNINITIALIZED_AUTOS = YES_AGGRESSIVE;
				GCC_WARN_UNUSED_FUNCTION = YES;
				GCC_WARN_UNUSED_VARIABLE = YES;
				IPHONEOS_DEPLOYMENT_TARGET = 12.1;
				MTL_ENABLE_DEBUG_INFO = NO;
				MTL_FAST_MATH = YES;
				SDKROOT = iphoneos;
				SWIFT_COMPILATION_MODE = wholemodule;
				SWIFT_OPTIMIZATION_LEVEL = "-O";
				VALIDATE_PRODUCT = YES;
			};
			name = Release;
		};
		36F6790321DDEBAD0009977A /* Debug */ = {
			isa = XCBuildConfiguration;
			baseConfigurationReference = E75456A5C5F682AB78F4BE3F /* Pods-rally.debug.xcconfig */;
			buildSettings = {
				ASSETCATALOG_COMPILER_APPICON_NAME = AppIcon;
				CODE_SIGN_ENTITLEMENTS = rally/rally.entitlements;
				CODE_SIGN_STYLE = Automatic;
				DEVELOPMENT_TEAM = 34R9TYV63H;
				INFOPLIST_FILE = rally/Info.plist;
				IPHONEOS_DEPLOYMENT_TARGET = 12.1;
				LD_RUNPATH_SEARCH_PATHS = (
					"$(inherited)",
					"@executable_path/Frameworks",
				);
				PRODUCT_BUNDLE_IDENTIFIER = swu.rally;
				PRODUCT_NAME = "$(TARGET_NAME)";
				SWIFT_VERSION = 4.0;
				TARGETED_DEVICE_FAMILY = "1,2";
			};
			name = Debug;
		};
		36F6790421DDEBAD0009977A /* Release */ = {
			isa = XCBuildConfiguration;
			baseConfigurationReference = 46D5A54C36BF53D92125D623 /* Pods-rally.release.xcconfig */;
			buildSettings = {
				ASSETCATALOG_COMPILER_APPICON_NAME = AppIcon;
				CODE_SIGN_ENTITLEMENTS = rally/rally.entitlements;
				CODE_SIGN_STYLE = Automatic;
				DEVELOPMENT_TEAM = 34R9TYV63H;
				INFOPLIST_FILE = rally/Info.plist;
				IPHONEOS_DEPLOYMENT_TARGET = 12.1;
				LD_RUNPATH_SEARCH_PATHS = (
					"$(inherited)",
					"@executable_path/Frameworks",
				);
				PRODUCT_BUNDLE_IDENTIFIER = swu.rally;
				PRODUCT_NAME = "$(TARGET_NAME)";
				SWIFT_VERSION = 4.0;
				TARGETED_DEVICE_FAMILY = "1,2";
			};
			name = Release;
		};
		36F6790621DDEBAD0009977A /* Debug */ = {
			isa = XCBuildConfiguration;
			baseConfigurationReference = 74A4E7F1C69C68E797E0268C /* Pods-rallyTests.debug.xcconfig */;
			buildSettings = {
				ALWAYS_EMBED_SWIFT_STANDARD_LIBRARIES = YES;
				BUNDLE_LOADER = "$(TEST_HOST)";
				CODE_SIGN_STYLE = Automatic;
				DEVELOPMENT_TEAM = 34R9TYV63H;
				INFOPLIST_FILE = rallyTests/Info.plist;
				LD_RUNPATH_SEARCH_PATHS = (
					"$(inherited)",
					"@executable_path/Frameworks",
					"@loader_path/Frameworks",
				);
				PRODUCT_BUNDLE_IDENTIFIER = swu.rallyTests;
				PRODUCT_NAME = "$(TARGET_NAME)";
				SWIFT_VERSION = 4.2;
				TARGETED_DEVICE_FAMILY = "1,2";
				TEST_HOST = "$(BUILT_PRODUCTS_DIR)/rally.app/rally";
			};
			name = Debug;
		};
		36F6790721DDEBAD0009977A /* Release */ = {
			isa = XCBuildConfiguration;
			baseConfigurationReference = C832C27F4EBE9E23EA66E323 /* Pods-rallyTests.release.xcconfig */;
			buildSettings = {
				ALWAYS_EMBED_SWIFT_STANDARD_LIBRARIES = YES;
				BUNDLE_LOADER = "$(TEST_HOST)";
				CODE_SIGN_STYLE = Automatic;
				DEVELOPMENT_TEAM = 34R9TYV63H;
				INFOPLIST_FILE = rallyTests/Info.plist;
				LD_RUNPATH_SEARCH_PATHS = (
					"$(inherited)",
					"@executable_path/Frameworks",
					"@loader_path/Frameworks",
				);
				PRODUCT_BUNDLE_IDENTIFIER = swu.rallyTests;
				PRODUCT_NAME = "$(TARGET_NAME)";
				SWIFT_VERSION = 4.2;
				TARGETED_DEVICE_FAMILY = "1,2";
				TEST_HOST = "$(BUILT_PRODUCTS_DIR)/rally.app/rally";
			};
			name = Release;
		};
		36F6790921DDEBAD0009977A /* Debug */ = {
			isa = XCBuildConfiguration;
			baseConfigurationReference = 64D1C3E11E03631B596EE867 /* Pods-rallyUITests.debug.xcconfig */;
			buildSettings = {
				ALWAYS_EMBED_SWIFT_STANDARD_LIBRARIES = YES;
				CODE_SIGN_STYLE = Automatic;
				DEVELOPMENT_TEAM = 34R9TYV63H;
				INFOPLIST_FILE = rallyUITests/Info.plist;
				LD_RUNPATH_SEARCH_PATHS = (
					"$(inherited)",
					"@executable_path/Frameworks",
					"@loader_path/Frameworks",
				);
				PRODUCT_BUNDLE_IDENTIFIER = swu.rallyUITests;
				PRODUCT_NAME = "$(TARGET_NAME)";
				SWIFT_VERSION = 4.2;
				TARGETED_DEVICE_FAMILY = "1,2";
				TEST_TARGET_NAME = rally;
			};
			name = Debug;
		};
		36F6790A21DDEBAD0009977A /* Release */ = {
			isa = XCBuildConfiguration;
			baseConfigurationReference = AF253417576D6755C637A038 /* Pods-rallyUITests.release.xcconfig */;
			buildSettings = {
				ALWAYS_EMBED_SWIFT_STANDARD_LIBRARIES = YES;
				CODE_SIGN_STYLE = Automatic;
				DEVELOPMENT_TEAM = 34R9TYV63H;
				INFOPLIST_FILE = rallyUITests/Info.plist;
				LD_RUNPATH_SEARCH_PATHS = (
					"$(inherited)",
					"@executable_path/Frameworks",
					"@loader_path/Frameworks",
				);
				PRODUCT_BUNDLE_IDENTIFIER = swu.rallyUITests;
				PRODUCT_NAME = "$(TARGET_NAME)";
				SWIFT_VERSION = 4.2;
				TARGETED_DEVICE_FAMILY = "1,2";
				TEST_TARGET_NAME = rally;
			};
			name = Release;
		};
/* End XCBuildConfiguration section */

/* Begin XCConfigurationList section */
		36F678D221DDEBAB0009977A /* Build configuration list for PBXProject "rally" */ = {
			isa = XCConfigurationList;
			buildConfigurations = (
				36F6790021DDEBAD0009977A /* Debug */,
				36F6790121DDEBAD0009977A /* Release */,
			);
			defaultConfigurationIsVisible = 0;
			defaultConfigurationName = Release;
		};
		36F6790221DDEBAD0009977A /* Build configuration list for PBXNativeTarget "rally" */ = {
			isa = XCConfigurationList;
			buildConfigurations = (
				36F6790321DDEBAD0009977A /* Debug */,
				36F6790421DDEBAD0009977A /* Release */,
			);
			defaultConfigurationIsVisible = 0;
			defaultConfigurationName = Release;
		};
		36F6790521DDEBAD0009977A /* Build configuration list for PBXNativeTarget "rallyTests" */ = {
			isa = XCConfigurationList;
			buildConfigurations = (
				36F6790621DDEBAD0009977A /* Debug */,
				36F6790721DDEBAD0009977A /* Release */,
			);
			defaultConfigurationIsVisible = 0;
			defaultConfigurationName = Release;
		};
		36F6790821DDEBAD0009977A /* Build configuration list for PBXNativeTarget "rallyUITests" */ = {
			isa = XCConfigurationList;
			buildConfigurations = (
				36F6790921DDEBAD0009977A /* Debug */,
				36F6790A21DDEBAD0009977A /* Release */,
			);
			defaultConfigurationIsVisible = 0;
			defaultConfigurationName = Release;
		};
/* End XCConfigurationList section */

/* Begin XCVersionGroup section */
		3644F342226F285B0038E123 /* Group.xcdatamodeld */ = {
			isa = XCVersionGroup;
			children = (
				3644F343226F285B0038E123 /* Group.xcdatamodel */,
			);
			currentVersion = 3644F343226F285B0038E123 /* Group.xcdatamodel */;
			path = Group.xcdatamodeld;
			sourceTree = "<group>";
			versionGroupType = wrapper.xcdatamodel;
		};
		36F678E121DDEBAB0009977A /* rally.xcdatamodeld */ = {
			isa = XCVersionGroup;
			children = (
				36F678E221DDEBAB0009977A /* rally.xcdatamodel */,
			);
			currentVersion = 36F678E221DDEBAB0009977A /* rally.xcdatamodel */;
			path = rally.xcdatamodeld;
			sourceTree = "<group>";
			versionGroupType = wrapper.xcdatamodel;
		};
/* End XCVersionGroup section */
	};
	rootObject = 36F678CF21DDEBAA0009977A /* Project object */;
}
